// !$*UTF8*$!
{
	archiveVersion = 1;
	classes = {
	};
	objectVersion = 46;
	objects = {

/* Begin PBXBuildFile section */
		0A1CFFD91ED4FCB4009D9FD3 /* MVFeedbackHelper.swift in Sources */ = {isa = PBXBuildFile; fileRef = 0A1CFFD81ED4FCB4009D9FD3 /* MVFeedbackHelper.swift */; };
		0A1CFFDB1ED500F8009D9FD3 /* MVLocalNotificationsHelper.swift in Sources */ = {isa = PBXBuildFile; fileRef = 0A1CFFDA1ED500F8009D9FD3 /* MVLocalNotificationsHelper.swift */; };
		0A1CFFDF1ED505BD009D9FD3 /* Alerts.storyboard in Resources */ = {isa = PBXBuildFile; fileRef = 0A1CFFDE1ED505BD009D9FD3 /* Alerts.storyboard */; };
		0A1CFFE11ED5070C009D9FD3 /* AlertViewController.swift in Sources */ = {isa = PBXBuildFile; fileRef = 0A1CFFE01ED5070C009D9FD3 /* AlertViewController.swift */; };
		0ACF09FB1ED3103D00EF1609 /* AppDelegate.swift in Sources */ = {isa = PBXBuildFile; fileRef = 0ACF09FA1ED3103D00EF1609 /* AppDelegate.swift */; };
		0ACF0A171ED3108800EF1609 /* Assets.xcassets in Resources */ = {isa = PBXBuildFile; fileRef = 0ACF0A0D1ED3108800EF1609 /* Assets.xcassets */; };
		0ACF0A181ED3108800EF1609 /* LaunchScreen.storyboard in Resources */ = {isa = PBXBuildFile; fileRef = 0ACF0A111ED3108800EF1609 /* LaunchScreen.storyboard */; };
		0ACF0A191ED3108800EF1609 /* Main.storyboard in Resources */ = {isa = PBXBuildFile; fileRef = 0ACF0A131ED3108800EF1609 /* Main.storyboard */; };
		0ACF0A321ED312B700EF1609 /* DesignableButton.swift in Sources */ = {isa = PBXBuildFile; fileRef = 0ACF0A221ED312B700EF1609 /* DesignableButton.swift */; };
		0ACF0A331ED312B700EF1609 /* DesignableImageView.swift in Sources */ = {isa = PBXBuildFile; fileRef = 0ACF0A231ED312B700EF1609 /* DesignableImageView.swift */; };
		0ACF0A341ED312B700EF1609 /* DesignableLabel.swift in Sources */ = {isa = PBXBuildFile; fileRef = 0ACF0A241ED312B700EF1609 /* DesignableLabel.swift */; };
		0ACF0A351ED312B700EF1609 /* DesignableNavigationBar.swift in Sources */ = {isa = PBXBuildFile; fileRef = 0ACF0A251ED312B700EF1609 /* DesignableNavigationBar.swift */; };
		0ACF0A361ED312B700EF1609 /* DesignableProgressView.swift in Sources */ = {isa = PBXBuildFile; fileRef = 0ACF0A261ED312B700EF1609 /* DesignableProgressView.swift */; };
		0ACF0A371ED312B700EF1609 /* DesignableTextField.swift in Sources */ = {isa = PBXBuildFile; fileRef = 0ACF0A271ED312B700EF1609 /* DesignableTextField.swift */; };
		0ACF0A381ED312B700EF1609 /* DesignableTextView.swift in Sources */ = {isa = PBXBuildFile; fileRef = 0ACF0A281ED312B700EF1609 /* DesignableTextView.swift */; };
		0ACF0A391ED312B700EF1609 /* DesignableView.swift in Sources */ = {isa = PBXBuildFile; fileRef = 0ACF0A291ED312B700EF1609 /* DesignableView.swift */; };
		0ACF0A3A1ED312B700EF1609 /* NSNumberExtensions.swift in Sources */ = {isa = PBXBuildFile; fileRef = 0ACF0A2B1ED312B700EF1609 /* NSNumberExtensions.swift */; };
		0ACF0A3B1ED312B700EF1609 /* UIBezierPath+Polygon.swift in Sources */ = {isa = PBXBuildFile; fileRef = 0ACF0A2C1ED312B700EF1609 /* UIBezierPath+Polygon.swift */; };
		0ACF0A3C1ED312B700EF1609 /* UIViewAnimations.swift in Sources */ = {isa = PBXBuildFile; fileRef = 0ACF0A2D1ED312B700EF1609 /* UIViewAnimations.swift */; };
		0ACF0A3D1ED312B700EF1609 /* UIViewControllerExtensions.swift in Sources */ = {isa = PBXBuildFile; fileRef = 0ACF0A2E1ED312B700EF1609 /* UIViewControllerExtensions.swift */; };
		0ACF0A3E1ED312B700EF1609 /* UIViewExtensions.swift in Sources */ = {isa = PBXBuildFile; fileRef = 0ACF0A2F1ED312B700EF1609 /* UIViewExtensions.swift */; };
		0ACF0A3F1ED312B700EF1609 /* ParallaxHeaderView.swift in Sources */ = {isa = PBXBuildFile; fileRef = 0ACF0A301ED312B700EF1609 /* ParallaxHeaderView.swift */; };
		0ACF0A401ED312B700EF1609 /* QuestContentTextView.swift in Sources */ = {isa = PBXBuildFile; fileRef = 0ACF0A311ED312B700EF1609 /* QuestContentTextView.swift */; };
		0ACF0A421ED314D100EF1609 /* MessageViewController.swift in Sources */ = {isa = PBXBuildFile; fileRef = 0ACF0A411ED314D100EF1609 /* MessageViewController.swift */; };
		0ACF0A481ED3252800EF1609 /* GoogleService-Info.plist in Resources */ = {isa = PBXBuildFile; fileRef = 0ACF0A471ED3252800EF1609 /* GoogleService-Info.plist */; };
		0ACF0A4A1ED3280B00EF1609 /* FirebaseHelper.swift in Sources */ = {isa = PBXBuildFile; fileRef = 0ACF0A491ED3280B00EF1609 /* FirebaseHelper.swift */; };
		0ACF0A541ED3AA6800EF1609 /* DateExtensions.swift in Sources */ = {isa = PBXBuildFile; fileRef = 0ACF0A4C1ED3AA6800EF1609 /* DateExtensions.swift */; };
		0ACF0A551ED3AA6800EF1609 /* NumberExtensions.swift in Sources */ = {isa = PBXBuildFile; fileRef = 0ACF0A4D1ED3AA6800EF1609 /* NumberExtensions.swift */; };
		0ACF0A561ED3AA6800EF1609 /* String+Quests.swift in Sources */ = {isa = PBXBuildFile; fileRef = 0ACF0A4E1ED3AA6800EF1609 /* String+Quests.swift */; };
		0ACF0A571ED3AA6800EF1609 /* StringExtensions.swift in Sources */ = {isa = PBXBuildFile; fileRef = 0ACF0A4F1ED3AA6800EF1609 /* StringExtensions.swift */; };
		0ACF0A581ED3AA6800EF1609 /* UIImageViewExtension.swift in Sources */ = {isa = PBXBuildFile; fileRef = 0ACF0A501ED3AA6800EF1609 /* UIImageViewExtension.swift */; };
		0ACF0A591ED3AA6800EF1609 /* UITextInput+Quests.swift in Sources */ = {isa = PBXBuildFile; fileRef = 0ACF0A511ED3AA6800EF1609 /* UITextInput+Quests.swift */; };
		0ACF0A5A1ED3AA6800EF1609 /* UIView+Parallax.swift in Sources */ = {isa = PBXBuildFile; fileRef = 0ACF0A521ED3AA6800EF1609 /* UIView+Parallax.swift */; };
		0ACF0A5D1ED4849D00EF1609 /* Message.swift in Sources */ = {isa = PBXBuildFile; fileRef = 0ACF0A5C1ED4849D00EF1609 /* Message.swift */; };
		0ACFD9941EDB017E00E4077F /* MessageView.swift in Sources */ = {isa = PBXBuildFile; fileRef = 0ACFD9921EDB017E00E4077F /* MessageView.swift */; };
		0ACFD9951EDB017E00E4077F /* MessageView.swift in Sources */ = {isa = PBXBuildFile; fileRef = 0ACFD9921EDB017E00E4077F /* MessageView.swift */; };
		0ACFD9961EDB017E00E4077F /* MessageView.xib in Resources */ = {isa = PBXBuildFile; fileRef = 0ACFD9931EDB017E00E4077F /* MessageView.xib */; };
		0ACFD9971EDB017E00E4077F /* MessageView.xib in Resources */ = {isa = PBXBuildFile; fileRef = 0ACFD9931EDB017E00E4077F /* MessageView.xib */; };
		0ACFD9B01EDB143E00E4077F /* Moon.swift in Sources */ = {isa = PBXBuildFile; fileRef = 0ACFD9A81EDB143E00E4077F /* Moon.swift */; };
		0ACFD9B11EDB143E00E4077F /* Moon.swift in Sources */ = {isa = PBXBuildFile; fileRef = 0ACFD9A81EDB143E00E4077F /* Moon.swift */; };
		0ACFD9B21EDB143E00E4077F /* Moon.xib in Resources */ = {isa = PBXBuildFile; fileRef = 0ACFD9A91EDB143E00E4077F /* Moon.xib */; };
		0ACFD9B31EDB143E00E4077F /* Moon.xib in Resources */ = {isa = PBXBuildFile; fileRef = 0ACFD9A91EDB143E00E4077F /* Moon.xib */; };
		0ACFD9B41EDB143E00E4077F /* Star.swift in Sources */ = {isa = PBXBuildFile; fileRef = 0ACFD9AB1EDB143E00E4077F /* Star.swift */; };
		0ACFD9B51EDB143E00E4077F /* Star.swift in Sources */ = {isa = PBXBuildFile; fileRef = 0ACFD9AB1EDB143E00E4077F /* Star.swift */; };
		0ACFD9B61EDB143E00E4077F /* Star.xib in Resources */ = {isa = PBXBuildFile; fileRef = 0ACFD9AC1EDB143E00E4077F /* Star.xib */; };
		0ACFD9B71EDB143E00E4077F /* Star.xib in Resources */ = {isa = PBXBuildFile; fileRef = 0ACFD9AC1EDB143E00E4077F /* Star.xib */; };
		0ACFD9B81EDB143E00E4077F /* Sun.swift in Sources */ = {isa = PBXBuildFile; fileRef = 0ACFD9AE1EDB143E00E4077F /* Sun.swift */; };
		0ACFD9B91EDB143E00E4077F /* Sun.swift in Sources */ = {isa = PBXBuildFile; fileRef = 0ACFD9AE1EDB143E00E4077F /* Sun.swift */; };
		0ACFD9BA1EDB143E00E4077F /* Sun.xib in Resources */ = {isa = PBXBuildFile; fileRef = 0ACFD9AF1EDB143E00E4077F /* Sun.xib */; };
		0ACFD9BB1EDB143E00E4077F /* Sun.xib in Resources */ = {isa = PBXBuildFile; fileRef = 0ACFD9AF1EDB143E00E4077F /* Sun.xib */; };
		0ACFD9BD1EDB146200E4077F /* SceneComponent.swift in Sources */ = {isa = PBXBuildFile; fileRef = 0ACFD9BC1EDB146200E4077F /* SceneComponent.swift */; };
		0ACFD9BE1EDB146200E4077F /* SceneComponent.swift in Sources */ = {isa = PBXBuildFile; fileRef = 0ACFD9BC1EDB146200E4077F /* SceneComponent.swift */; };
		0AEE48E51ED67BAB00471129 /* UIColor+DayTime.swift in Sources */ = {isa = PBXBuildFile; fileRef = 0AEE48E41ED67BAB00471129 /* UIColor+DayTime.swift */; };
		0AEE48E71ED7276000471129 /* HistoryViewController.swift in Sources */ = {isa = PBXBuildFile; fileRef = 0AEE48E61ED7276000471129 /* HistoryViewController.swift */; };
		0AEE48E91ED727F100471129 /* MessageTableViewCell.swift in Sources */ = {isa = PBXBuildFile; fileRef = 0AEE48E81ED727F100471129 /* MessageTableViewCell.swift */; };
		0AEE48EB1ED729EE00471129 /* InputTableViewCell.swift in Sources */ = {isa = PBXBuildFile; fileRef = 0AEE48EA1ED729EE00471129 /* InputTableViewCell.swift */; };
		0AEE48ED1ED729F500471129 /* ActionTableViewCell.swift in Sources */ = {isa = PBXBuildFile; fileRef = 0AEE48EC1ED729F500471129 /* ActionTableViewCell.swift */; };
		0AEE48EF1ED72A0200471129 /* OptionsTableViewCell.swift in Sources */ = {isa = PBXBuildFile; fileRef = 0AEE48EE1ED72A0200471129 /* OptionsTableViewCell.swift */; };
		0AEE496A1ED90BE000471129 /* MVImagePickerView.swift in Sources */ = {isa = PBXBuildFile; fileRef = 0AEE49691ED90BE000471129 /* MVImagePickerView.swift */; };
		0AEE496C1ED90C9D00471129 /* ImageTableViewCell.swift in Sources */ = {isa = PBXBuildFile; fileRef = 0AEE496B1ED90C9D00471129 /* ImageTableViewCell.swift */; };
		0AEE496E1ED91B5F00471129 /* UIView+Loading.swift in Sources */ = {isa = PBXBuildFile; fileRef = 0AEE496D1ED91B5F00471129 /* UIView+Loading.swift */; };
		0AEE49761ED9658B00471129 /* AppDelegate.swift in Sources */ = {isa = PBXBuildFile; fileRef = 0AEE49751ED9658B00471129 /* AppDelegate.swift */; };
		0AEE49851ED965EF00471129 /* GoogleService-Info.plist in Resources */ = {isa = PBXBuildFile; fileRef = 0ACF0A471ED3252800EF1609 /* GoogleService-Info.plist */; };
		0AEE49861ED965F300471129 /* MVLocalNotificationsHelper.swift in Sources */ = {isa = PBXBuildFile; fileRef = 0A1CFFDA1ED500F8009D9FD3 /* MVLocalNotificationsHelper.swift */; };
		0AEE49871ED965F300471129 /* MVFeedbackHelper.swift in Sources */ = {isa = PBXBuildFile; fileRef = 0A1CFFD81ED4FCB4009D9FD3 /* MVFeedbackHelper.swift */; };
		0AEE49881ED965F700471129 /* UIView+Loading.swift in Sources */ = {isa = PBXBuildFile; fileRef = 0AEE496D1ED91B5F00471129 /* UIView+Loading.swift */; };
		0AEE49891ED965F700471129 /* DateExtensions.swift in Sources */ = {isa = PBXBuildFile; fileRef = 0ACF0A4C1ED3AA6800EF1609 /* DateExtensions.swift */; };
		0AEE498A1ED965F700471129 /* NumberExtensions.swift in Sources */ = {isa = PBXBuildFile; fileRef = 0ACF0A4D1ED3AA6800EF1609 /* NumberExtensions.swift */; };
		0AEE498B1ED965F700471129 /* String+Quests.swift in Sources */ = {isa = PBXBuildFile; fileRef = 0ACF0A4E1ED3AA6800EF1609 /* String+Quests.swift */; };
		0AEE498C1ED965F700471129 /* StringExtensions.swift in Sources */ = {isa = PBXBuildFile; fileRef = 0ACF0A4F1ED3AA6800EF1609 /* StringExtensions.swift */; };
		0AEE498D1ED965F700471129 /* UIImageViewExtension.swift in Sources */ = {isa = PBXBuildFile; fileRef = 0ACF0A501ED3AA6800EF1609 /* UIImageViewExtension.swift */; };
		0AEE498E1ED965F700471129 /* UITextInput+Quests.swift in Sources */ = {isa = PBXBuildFile; fileRef = 0ACF0A511ED3AA6800EF1609 /* UITextInput+Quests.swift */; };
		0AEE498F1ED965F700471129 /* UIView+Parallax.swift in Sources */ = {isa = PBXBuildFile; fileRef = 0ACF0A521ED3AA6800EF1609 /* UIView+Parallax.swift */; };
		0AEE49901ED965F700471129 /* UIColor+DayTime.swift in Sources */ = {isa = PBXBuildFile; fileRef = 0AEE48E41ED67BAB00471129 /* UIColor+DayTime.swift */; };
		0AEE49911ED965FC00471129 /* DesignableButton.swift in Sources */ = {isa = PBXBuildFile; fileRef = 0ACF0A221ED312B700EF1609 /* DesignableButton.swift */; };
		0AEE49921ED965FC00471129 /* DesignableImageView.swift in Sources */ = {isa = PBXBuildFile; fileRef = 0ACF0A231ED312B700EF1609 /* DesignableImageView.swift */; };
		0AEE49931ED965FC00471129 /* DesignableLabel.swift in Sources */ = {isa = PBXBuildFile; fileRef = 0ACF0A241ED312B700EF1609 /* DesignableLabel.swift */; };
		0AEE49941ED965FC00471129 /* DesignableNavigationBar.swift in Sources */ = {isa = PBXBuildFile; fileRef = 0ACF0A251ED312B700EF1609 /* DesignableNavigationBar.swift */; };
		0AEE49951ED965FC00471129 /* DesignableProgressView.swift in Sources */ = {isa = PBXBuildFile; fileRef = 0ACF0A261ED312B700EF1609 /* DesignableProgressView.swift */; };
		0AEE49961ED965FC00471129 /* DesignableTextField.swift in Sources */ = {isa = PBXBuildFile; fileRef = 0ACF0A271ED312B700EF1609 /* DesignableTextField.swift */; };
		0AEE49971ED965FC00471129 /* DesignableTextView.swift in Sources */ = {isa = PBXBuildFile; fileRef = 0ACF0A281ED312B700EF1609 /* DesignableTextView.swift */; };
		0AEE49981ED965FC00471129 /* DesignableView.swift in Sources */ = {isa = PBXBuildFile; fileRef = 0ACF0A291ED312B700EF1609 /* DesignableView.swift */; };
		0AEE49991ED9660100471129 /* NSNumberExtensions.swift in Sources */ = {isa = PBXBuildFile; fileRef = 0ACF0A2B1ED312B700EF1609 /* NSNumberExtensions.swift */; };
		0AEE499A1ED9660100471129 /* UIBezierPath+Polygon.swift in Sources */ = {isa = PBXBuildFile; fileRef = 0ACF0A2C1ED312B700EF1609 /* UIBezierPath+Polygon.swift */; };
		0AEE499B1ED9660100471129 /* UIViewAnimations.swift in Sources */ = {isa = PBXBuildFile; fileRef = 0ACF0A2D1ED312B700EF1609 /* UIViewAnimations.swift */; };
		0AEE499C1ED9660100471129 /* UIViewControllerExtensions.swift in Sources */ = {isa = PBXBuildFile; fileRef = 0ACF0A2E1ED312B700EF1609 /* UIViewControllerExtensions.swift */; };
		0AEE499D1ED9660100471129 /* UIViewExtensions.swift in Sources */ = {isa = PBXBuildFile; fileRef = 0ACF0A2F1ED312B700EF1609 /* UIViewExtensions.swift */; };
		0AEE499E1ED9660100471129 /* ParallaxHeaderView.swift in Sources */ = {isa = PBXBuildFile; fileRef = 0ACF0A301ED312B700EF1609 /* ParallaxHeaderView.swift */; };
		0AEE499F1ED9660100471129 /* QuestContentTextView.swift in Sources */ = {isa = PBXBuildFile; fileRef = 0ACF0A311ED312B700EF1609 /* QuestContentTextView.swift */; };
		0AEE49A01ED9660900471129 /* FirebaseHelper.swift in Sources */ = {isa = PBXBuildFile; fileRef = 0ACF0A491ED3280B00EF1609 /* FirebaseHelper.swift */; };
		0AEE49A21ED9660900471129 /* Message.swift in Sources */ = {isa = PBXBuildFile; fileRef = 0ACF0A5C1ED4849D00EF1609 /* Message.swift */; };
		0AEE49A31ED9660E00471129 /* MVImagePickerView.swift in Sources */ = {isa = PBXBuildFile; fileRef = 0AEE49691ED90BE000471129 /* MVImagePickerView.swift */; };
		0AEE49A41ED9661100471129 /* MessageViewController.swift in Sources */ = {isa = PBXBuildFile; fileRef = 0ACF0A411ED314D100EF1609 /* MessageViewController.swift */; };
		0AEE49A51ED9661100471129 /* HistoryViewController.swift in Sources */ = {isa = PBXBuildFile; fileRef = 0AEE48E61ED7276000471129 /* HistoryViewController.swift */; };
		0AEE49A61ED9661100471129 /* AlertViewController.swift in Sources */ = {isa = PBXBuildFile; fileRef = 0A1CFFE01ED5070C009D9FD3 /* AlertViewController.swift */; };
		0AEE49A91ED9661800471129 /* MessageTableViewCell.swift in Sources */ = {isa = PBXBuildFile; fileRef = 0AEE48E81ED727F100471129 /* MessageTableViewCell.swift */; };
		0AEE49AA1ED9661800471129 /* InputTableViewCell.swift in Sources */ = {isa = PBXBuildFile; fileRef = 0AEE48EA1ED729EE00471129 /* InputTableViewCell.swift */; };
		0AEE49AB1ED9661800471129 /* ActionTableViewCell.swift in Sources */ = {isa = PBXBuildFile; fileRef = 0AEE48EC1ED729F500471129 /* ActionTableViewCell.swift */; };
		0AEE49AC1ED9661800471129 /* OptionsTableViewCell.swift in Sources */ = {isa = PBXBuildFile; fileRef = 0AEE48EE1ED72A0200471129 /* OptionsTableViewCell.swift */; };
		0AEE49AD1ED9661800471129 /* ImageTableViewCell.swift in Sources */ = {isa = PBXBuildFile; fileRef = 0AEE496B1ED90C9D00471129 /* ImageTableViewCell.swift */; };
		0AEE49AE1ED9662000471129 /* Assets.xcassets in Resources */ = {isa = PBXBuildFile; fileRef = 0ACF0A0D1ED3108800EF1609 /* Assets.xcassets */; };
		0AEE49AF1ED9663600471129 /* LaunchScreen.storyboard in Resources */ = {isa = PBXBuildFile; fileRef = 0ACF0A111ED3108800EF1609 /* LaunchScreen.storyboard */; };
		0AEE49B01ED9663C00471129 /* Main.storyboard in Resources */ = {isa = PBXBuildFile; fileRef = 0ACF0A131ED3108800EF1609 /* Main.storyboard */; };
		0AEE49B11ED9663F00471129 /* Alerts.storyboard in Resources */ = {isa = PBXBuildFile; fileRef = 0A1CFFDE1ED505BD009D9FD3 /* Alerts.storyboard */; };
		0AEE49B31ED9667700471129 /* FirebaseHelper+CreateDB.swift in Sources */ = {isa = PBXBuildFile; fileRef = 0AEE49B21ED9667700471129 /* FirebaseHelper+CreateDB.swift */; };
		733379F3358EB03083E9DD0C /* Pods_PS.framework in Frameworks */ = {isa = PBXBuildFile; fileRef = 87402482B0CD08F44B1C3E69 /* Pods_PS.framework */; };
		A50E036670D38A5D15297D6F /* Pods_PS_Editor.framework in Frameworks */ = {isa = PBXBuildFile; fileRef = 6E6D9A1B43B5FF289BB32BD5 /* Pods_PS_Editor.framework */; };
/* End PBXBuildFile section */

/* Begin PBXFileReference section */
		0A1CFFD81ED4FCB4009D9FD3 /* MVFeedbackHelper.swift */ = {isa = PBXFileReference; fileEncoding = 4; lastKnownFileType = sourcecode.swift; path = MVFeedbackHelper.swift; sourceTree = "<group>"; };
		0A1CFFDA1ED500F8009D9FD3 /* MVLocalNotificationsHelper.swift */ = {isa = PBXFileReference; fileEncoding = 4; lastKnownFileType = sourcecode.swift; path = MVLocalNotificationsHelper.swift; sourceTree = "<group>"; };
		0A1CFFDE1ED505BD009D9FD3 /* Alerts.storyboard */ = {isa = PBXFileReference; fileEncoding = 4; lastKnownFileType = file.storyboard; path = Alerts.storyboard; sourceTree = "<group>"; };
		0A1CFFE01ED5070C009D9FD3 /* AlertViewController.swift */ = {isa = PBXFileReference; fileEncoding = 4; lastKnownFileType = sourcecode.swift; path = AlertViewController.swift; sourceTree = "<group>"; };
		0ACF09F71ED3103D00EF1609 /* PS.app */ = {isa = PBXFileReference; explicitFileType = wrapper.application; includeInIndex = 0; path = PS.app; sourceTree = BUILT_PRODUCTS_DIR; };
		0ACF09FA1ED3103D00EF1609 /* AppDelegate.swift */ = {isa = PBXFileReference; lastKnownFileType = sourcecode.swift; path = AppDelegate.swift; sourceTree = "<group>"; };
		0ACF0A061ED3103D00EF1609 /* Info.plist */ = {isa = PBXFileReference; lastKnownFileType = text.plist.xml; path = Info.plist; sourceTree = "<group>"; };
		0ACF0A0D1ED3108800EF1609 /* Assets.xcassets */ = {isa = PBXFileReference; lastKnownFileType = folder.assetcatalog; path = Assets.xcassets; sourceTree = "<group>"; };
		0ACF0A121ED3108800EF1609 /* Base */ = {isa = PBXFileReference; lastKnownFileType = file.storyboard; name = Base; path = Base.lproj/LaunchScreen.storyboard; sourceTree = "<group>"; };
		0ACF0A141ED3108800EF1609 /* Base */ = {isa = PBXFileReference; lastKnownFileType = file.storyboard; name = Base; path = Base.lproj/Main.storyboard; sourceTree = "<group>"; };
		0ACF0A221ED312B700EF1609 /* DesignableButton.swift */ = {isa = PBXFileReference; fileEncoding = 4; lastKnownFileType = sourcecode.swift; path = DesignableButton.swift; sourceTree = "<group>"; };
		0ACF0A231ED312B700EF1609 /* DesignableImageView.swift */ = {isa = PBXFileReference; fileEncoding = 4; lastKnownFileType = sourcecode.swift; path = DesignableImageView.swift; sourceTree = "<group>"; };
		0ACF0A241ED312B700EF1609 /* DesignableLabel.swift */ = {isa = PBXFileReference; fileEncoding = 4; lastKnownFileType = sourcecode.swift; path = DesignableLabel.swift; sourceTree = "<group>"; };
		0ACF0A251ED312B700EF1609 /* DesignableNavigationBar.swift */ = {isa = PBXFileReference; fileEncoding = 4; lastKnownFileType = sourcecode.swift; path = DesignableNavigationBar.swift; sourceTree = "<group>"; };
		0ACF0A261ED312B700EF1609 /* DesignableProgressView.swift */ = {isa = PBXFileReference; fileEncoding = 4; lastKnownFileType = sourcecode.swift; path = DesignableProgressView.swift; sourceTree = "<group>"; };
		0ACF0A271ED312B700EF1609 /* DesignableTextField.swift */ = {isa = PBXFileReference; fileEncoding = 4; lastKnownFileType = sourcecode.swift; path = DesignableTextField.swift; sourceTree = "<group>"; };
		0ACF0A281ED312B700EF1609 /* DesignableTextView.swift */ = {isa = PBXFileReference; fileEncoding = 4; lastKnownFileType = sourcecode.swift; path = DesignableTextView.swift; sourceTree = "<group>"; };
		0ACF0A291ED312B700EF1609 /* DesignableView.swift */ = {isa = PBXFileReference; fileEncoding = 4; lastKnownFileType = sourcecode.swift; path = DesignableView.swift; sourceTree = "<group>"; };
		0ACF0A2B1ED312B700EF1609 /* NSNumberExtensions.swift */ = {isa = PBXFileReference; fileEncoding = 4; lastKnownFileType = sourcecode.swift; path = NSNumberExtensions.swift; sourceTree = "<group>"; };
		0ACF0A2C1ED312B700EF1609 /* UIBezierPath+Polygon.swift */ = {isa = PBXFileReference; fileEncoding = 4; lastKnownFileType = sourcecode.swift; path = "UIBezierPath+Polygon.swift"; sourceTree = "<group>"; };
		0ACF0A2D1ED312B700EF1609 /* UIViewAnimations.swift */ = {isa = PBXFileReference; fileEncoding = 4; lastKnownFileType = sourcecode.swift; path = UIViewAnimations.swift; sourceTree = "<group>"; };
		0ACF0A2E1ED312B700EF1609 /* UIViewControllerExtensions.swift */ = {isa = PBXFileReference; fileEncoding = 4; lastKnownFileType = sourcecode.swift; path = UIViewControllerExtensions.swift; sourceTree = "<group>"; };
		0ACF0A2F1ED312B700EF1609 /* UIViewExtensions.swift */ = {isa = PBXFileReference; fileEncoding = 4; lastKnownFileType = sourcecode.swift; path = UIViewExtensions.swift; sourceTree = "<group>"; };
		0ACF0A301ED312B700EF1609 /* ParallaxHeaderView.swift */ = {isa = PBXFileReference; fileEncoding = 4; lastKnownFileType = sourcecode.swift; path = ParallaxHeaderView.swift; sourceTree = "<group>"; };
		0ACF0A311ED312B700EF1609 /* QuestContentTextView.swift */ = {isa = PBXFileReference; fileEncoding = 4; lastKnownFileType = sourcecode.swift; path = QuestContentTextView.swift; sourceTree = "<group>"; };
		0ACF0A411ED314D100EF1609 /* MessageViewController.swift */ = {isa = PBXFileReference; fileEncoding = 4; lastKnownFileType = sourcecode.swift; path = MessageViewController.swift; sourceTree = "<group>"; };
		0ACF0A471ED3252800EF1609 /* GoogleService-Info.plist */ = {isa = PBXFileReference; fileEncoding = 4; lastKnownFileType = text.plist.xml; path = "GoogleService-Info.plist"; sourceTree = "<group>"; };
		0ACF0A491ED3280B00EF1609 /* FirebaseHelper.swift */ = {isa = PBXFileReference; fileEncoding = 4; lastKnownFileType = sourcecode.swift; path = FirebaseHelper.swift; sourceTree = "<group>"; };
		0ACF0A4C1ED3AA6800EF1609 /* DateExtensions.swift */ = {isa = PBXFileReference; fileEncoding = 4; lastKnownFileType = sourcecode.swift; path = DateExtensions.swift; sourceTree = "<group>"; };
		0ACF0A4D1ED3AA6800EF1609 /* NumberExtensions.swift */ = {isa = PBXFileReference; fileEncoding = 4; lastKnownFileType = sourcecode.swift; path = NumberExtensions.swift; sourceTree = "<group>"; };
		0ACF0A4E1ED3AA6800EF1609 /* String+Quests.swift */ = {isa = PBXFileReference; fileEncoding = 4; lastKnownFileType = sourcecode.swift; path = "String+Quests.swift"; sourceTree = "<group>"; };
		0ACF0A4F1ED3AA6800EF1609 /* StringExtensions.swift */ = {isa = PBXFileReference; fileEncoding = 4; lastKnownFileType = sourcecode.swift; path = StringExtensions.swift; sourceTree = "<group>"; };
		0ACF0A501ED3AA6800EF1609 /* UIImageViewExtension.swift */ = {isa = PBXFileReference; fileEncoding = 4; lastKnownFileType = sourcecode.swift; path = UIImageViewExtension.swift; sourceTree = "<group>"; };
		0ACF0A511ED3AA6800EF1609 /* UITextInput+Quests.swift */ = {isa = PBXFileReference; fileEncoding = 4; lastKnownFileType = sourcecode.swift; path = "UITextInput+Quests.swift"; sourceTree = "<group>"; };
		0ACF0A521ED3AA6800EF1609 /* UIView+Parallax.swift */ = {isa = PBXFileReference; fileEncoding = 4; lastKnownFileType = sourcecode.swift; path = "UIView+Parallax.swift"; sourceTree = "<group>"; };
		0ACF0A5C1ED4849D00EF1609 /* Message.swift */ = {isa = PBXFileReference; fileEncoding = 4; lastKnownFileType = sourcecode.swift; path = Message.swift; sourceTree = "<group>"; };
		0ACFD9921EDB017E00E4077F /* MessageView.swift */ = {isa = PBXFileReference; fileEncoding = 4; lastKnownFileType = sourcecode.swift; path = MessageView.swift; sourceTree = "<group>"; };
		0ACFD9931EDB017E00E4077F /* MessageView.xib */ = {isa = PBXFileReference; fileEncoding = 4; lastKnownFileType = file.xib; path = MessageView.xib; sourceTree = "<group>"; };
		0ACFD9A81EDB143E00E4077F /* Moon.swift */ = {isa = PBXFileReference; fileEncoding = 4; lastKnownFileType = sourcecode.swift; path = Moon.swift; sourceTree = "<group>"; };
		0ACFD9A91EDB143E00E4077F /* Moon.xib */ = {isa = PBXFileReference; fileEncoding = 4; lastKnownFileType = file.xib; path = Moon.xib; sourceTree = "<group>"; };
		0ACFD9AB1EDB143E00E4077F /* Star.swift */ = {isa = PBXFileReference; fileEncoding = 4; lastKnownFileType = sourcecode.swift; path = Star.swift; sourceTree = "<group>"; };
		0ACFD9AC1EDB143E00E4077F /* Star.xib */ = {isa = PBXFileReference; fileEncoding = 4; lastKnownFileType = file.xib; path = Star.xib; sourceTree = "<group>"; };
		0ACFD9AE1EDB143E00E4077F /* Sun.swift */ = {isa = PBXFileReference; fileEncoding = 4; lastKnownFileType = sourcecode.swift; path = Sun.swift; sourceTree = "<group>"; };
		0ACFD9AF1EDB143E00E4077F /* Sun.xib */ = {isa = PBXFileReference; fileEncoding = 4; lastKnownFileType = file.xib; path = Sun.xib; sourceTree = "<group>"; };
		0ACFD9BC1EDB146200E4077F /* SceneComponent.swift */ = {isa = PBXFileReference; fileEncoding = 4; lastKnownFileType = sourcecode.swift; path = SceneComponent.swift; sourceTree = "<group>"; };
		0AEE48E41ED67BAB00471129 /* UIColor+DayTime.swift */ = {isa = PBXFileReference; fileEncoding = 4; lastKnownFileType = sourcecode.swift; path = "UIColor+DayTime.swift"; sourceTree = "<group>"; };
		0AEE48E61ED7276000471129 /* HistoryViewController.swift */ = {isa = PBXFileReference; fileEncoding = 4; lastKnownFileType = sourcecode.swift; path = HistoryViewController.swift; sourceTree = "<group>"; };
		0AEE48E81ED727F100471129 /* MessageTableViewCell.swift */ = {isa = PBXFileReference; fileEncoding = 4; lastKnownFileType = sourcecode.swift; path = MessageTableViewCell.swift; sourceTree = "<group>"; };
		0AEE48EA1ED729EE00471129 /* InputTableViewCell.swift */ = {isa = PBXFileReference; fileEncoding = 4; lastKnownFileType = sourcecode.swift; path = InputTableViewCell.swift; sourceTree = "<group>"; };
		0AEE48EC1ED729F500471129 /* ActionTableViewCell.swift */ = {isa = PBXFileReference; fileEncoding = 4; lastKnownFileType = sourcecode.swift; path = ActionTableViewCell.swift; sourceTree = "<group>"; };
		0AEE48EE1ED72A0200471129 /* OptionsTableViewCell.swift */ = {isa = PBXFileReference; fileEncoding = 4; lastKnownFileType = sourcecode.swift; path = OptionsTableViewCell.swift; sourceTree = "<group>"; };
		0AEE49691ED90BE000471129 /* MVImagePickerView.swift */ = {isa = PBXFileReference; fileEncoding = 4; lastKnownFileType = sourcecode.swift; path = MVImagePickerView.swift; sourceTree = "<group>"; };
		0AEE496B1ED90C9D00471129 /* ImageTableViewCell.swift */ = {isa = PBXFileReference; fileEncoding = 4; lastKnownFileType = sourcecode.swift; path = ImageTableViewCell.swift; sourceTree = "<group>"; };
		0AEE496D1ED91B5F00471129 /* UIView+Loading.swift */ = {isa = PBXFileReference; fileEncoding = 4; lastKnownFileType = sourcecode.swift; path = "UIView+Loading.swift"; sourceTree = "<group>"; };
		0AEE49731ED9658B00471129 /* PS-Editor.app */ = {isa = PBXFileReference; explicitFileType = wrapper.application; includeInIndex = 0; path = "PS-Editor.app"; sourceTree = BUILT_PRODUCTS_DIR; };
		0AEE49751ED9658B00471129 /* AppDelegate.swift */ = {isa = PBXFileReference; lastKnownFileType = sourcecode.swift; path = AppDelegate.swift; sourceTree = "<group>"; };
		0AEE49811ED9658B00471129 /* Info.plist */ = {isa = PBXFileReference; lastKnownFileType = text.plist.xml; path = Info.plist; sourceTree = "<group>"; };
		0AEE49B21ED9667700471129 /* FirebaseHelper+CreateDB.swift */ = {isa = PBXFileReference; fileEncoding = 4; lastKnownFileType = sourcecode.swift; path = "FirebaseHelper+CreateDB.swift"; sourceTree = "<group>"; };
		4235C4481CF794EEA74EAF3E /* Pods-PS-Editor.release.xcconfig */ = {isa = PBXFileReference; includeInIndex = 1; lastKnownFileType = text.xcconfig; name = "Pods-PS-Editor.release.xcconfig"; path = "Pods/Target Support Files/Pods-PS-Editor/Pods-PS-Editor.release.xcconfig"; sourceTree = "<group>"; };
		4BCF678C8EAFE61157620585 /* Pods-PS-Editor.debug.xcconfig */ = {isa = PBXFileReference; includeInIndex = 1; lastKnownFileType = text.xcconfig; name = "Pods-PS-Editor.debug.xcconfig"; path = "Pods/Target Support Files/Pods-PS-Editor/Pods-PS-Editor.debug.xcconfig"; sourceTree = "<group>"; };
		6E6D9A1B43B5FF289BB32BD5 /* Pods_PS_Editor.framework */ = {isa = PBXFileReference; explicitFileType = wrapper.framework; includeInIndex = 0; path = Pods_PS_Editor.framework; sourceTree = BUILT_PRODUCTS_DIR; };
		73164C272DC059303B5192C2 /* Pods-PS.debug.xcconfig */ = {isa = PBXFileReference; includeInIndex = 1; lastKnownFileType = text.xcconfig; name = "Pods-PS.debug.xcconfig"; path = "Pods/Target Support Files/Pods-PS/Pods-PS.debug.xcconfig"; sourceTree = "<group>"; };
		87402482B0CD08F44B1C3E69 /* Pods_PS.framework */ = {isa = PBXFileReference; explicitFileType = wrapper.framework; includeInIndex = 0; path = Pods_PS.framework; sourceTree = BUILT_PRODUCTS_DIR; };
		CE34D7690D1A0711E9E38CC0 /* Pods-PS.release.xcconfig */ = {isa = PBXFileReference; includeInIndex = 1; lastKnownFileType = text.xcconfig; name = "Pods-PS.release.xcconfig"; path = "Pods/Target Support Files/Pods-PS/Pods-PS.release.xcconfig"; sourceTree = "<group>"; };
/* End PBXFileReference section */

/* Begin PBXFrameworksBuildPhase section */
		0ACF09F41ED3103D00EF1609 /* Frameworks */ = {
			isa = PBXFrameworksBuildPhase;
			buildActionMask = 2147483647;
			files = (
				733379F3358EB03083E9DD0C /* Pods_PS.framework in Frameworks */,
			);
			runOnlyForDeploymentPostprocessing = 0;
		};
		0AEE49701ED9658B00471129 /* Frameworks */ = {
			isa = PBXFrameworksBuildPhase;
			buildActionMask = 2147483647;
			files = (
				A50E036670D38A5D15297D6F /* Pods_PS_Editor.framework in Frameworks */,
			);
			runOnlyForDeploymentPostprocessing = 0;
		};
/* End PBXFrameworksBuildPhase section */

/* Begin PBXGroup section */
		0ACF09EE1ED3103D00EF1609 = {
			isa = PBXGroup;
			children = (
				0ACF09F91ED3103D00EF1609 /* PS */,
				0AEE49741ED9658B00471129 /* PS-Editor */,
				0ACF09F81ED3103D00EF1609 /* Products */,
				F983F839BDB91B9DB0525A62 /* Pods */,
				49C271586C8C8C5061F89182 /* Frameworks */,
			);
			sourceTree = "<group>";
		};
		0ACF09F81ED3103D00EF1609 /* Products */ = {
			isa = PBXGroup;
			children = (
				0ACF09F71ED3103D00EF1609 /* PS.app */,
				0AEE49731ED9658B00471129 /* PS-Editor.app */,
			);
			name = Products;
			sourceTree = "<group>";
		};
		0ACF09F91ED3103D00EF1609 /* PS */ = {
			isa = PBXGroup;
			children = (
				0ACF09FA1ED3103D00EF1609 /* AppDelegate.swift */,
				0ACF0A061ED3103D00EF1609 /* Info.plist */,
				0ACF0A471ED3252800EF1609 /* GoogleService-Info.plist */,
				0ACF0A0F1ED3108800EF1609 /* Library */,
				0ACF0A0E1ED3108800EF1609 /* Data */,
				0ACF0A151ED3108800EF1609 /* View */,
				0ACF0A0C1ED3108800EF1609 /* Assets */,
				0ACF0A101ED3108800EF1609 /* Storyboards */,
			);
			path = PS;
			sourceTree = "<group>";
		};
		0ACF0A0C1ED3108800EF1609 /* Assets */ = {
			isa = PBXGroup;
			children = (
				0ACF0A0D1ED3108800EF1609 /* Assets.xcassets */,
			);
			path = Assets;
			sourceTree = "<group>";
		};
		0ACF0A0E1ED3108800EF1609 /* Data */ = {
			isa = PBXGroup;
			children = (
				0ACF0A491ED3280B00EF1609 /* FirebaseHelper.swift */,
				0ACF0A5C1ED4849D00EF1609 /* Message.swift */,
			);
			path = Data;
			sourceTree = "<group>";
		};
		0ACF0A0F1ED3108800EF1609 /* Library */ = {
			isa = PBXGroup;
			children = (
				0A1CFFDA1ED500F8009D9FD3 /* MVLocalNotificationsHelper.swift */,
				0A1CFFD81ED4FCB4009D9FD3 /* MVFeedbackHelper.swift */,
				0ACF0A4B1ED3AA6800EF1609 /* Extensions */,
				0ACF0A201ED312B700EF1609 /* UIHacks */,
			);
			path = Library;
			sourceTree = "<group>";
		};
		0ACF0A101ED3108800EF1609 /* Storyboards */ = {
			isa = PBXGroup;
			children = (
				0ACF0A111ED3108800EF1609 /* LaunchScreen.storyboard */,
				0ACF0A131ED3108800EF1609 /* Main.storyboard */,
				0A1CFFDE1ED505BD009D9FD3 /* Alerts.storyboard */,
			);
			name = Storyboards;
			path = Localizations;
			sourceTree = "<group>";
		};
		0ACF0A151ED3108800EF1609 /* View */ = {
			isa = PBXGroup;
			children = (
				0ACF0A1B1ED3111300EF1609 /* BaseControllers */,
				0ACF0A1D1ED3111300EF1609 /* Controllers */,
				0ACF0A1F1ED3111300EF1609 /* Views */,
				0ACF0A1C1ED3111300EF1609 /* Cells */,
				0ACF0A1E1ED3111300EF1609 /* ViewModels */,
			);
			path = View;
			sourceTree = "<group>";
		};
		0ACF0A1B1ED3111300EF1609 /* BaseControllers */ = {
			isa = PBXGroup;
			children = (
				0AEE49691ED90BE000471129 /* MVImagePickerView.swift */,
			);
			path = BaseControllers;
			sourceTree = "<group>";
		};
		0ACF0A1C1ED3111300EF1609 /* Cells */ = {
			isa = PBXGroup;
			children = (
				0AEE48E81ED727F100471129 /* MessageTableViewCell.swift */,
				0AEE48EA1ED729EE00471129 /* InputTableViewCell.swift */,
				0AEE48EC1ED729F500471129 /* ActionTableViewCell.swift */,
				0AEE48EE1ED72A0200471129 /* OptionsTableViewCell.swift */,
				0AEE496B1ED90C9D00471129 /* ImageTableViewCell.swift */,
			);
			path = Cells;
			sourceTree = "<group>";
		};
		0ACF0A1D1ED3111300EF1609 /* Controllers */ = {
			isa = PBXGroup;
			children = (
				0ACF0A411ED314D100EF1609 /* MessageViewController.swift */,
				0AEE48E61ED7276000471129 /* HistoryViewController.swift */,
				0A1CFFE01ED5070C009D9FD3 /* AlertViewController.swift */,
			);
			path = Controllers;
			sourceTree = "<group>";
		};
		0ACF0A1E1ED3111300EF1609 /* ViewModels */ = {
			isa = PBXGroup;
			children = (
			);
			path = ViewModels;
			sourceTree = "<group>";
		};
		0ACF0A1F1ED3111300EF1609 /* Views */ = {
			isa = PBXGroup;
			children = (
				0ACFD9A61EDB143E00E4077F /* Scene */,
				0ACFD9911EDB017E00E4077F /* Message */,
			);
			path = Views;
			sourceTree = "<group>";
		};
		0ACF0A201ED312B700EF1609 /* UIHacks */ = {
			isa = PBXGroup;
			children = (
				0ACF0A211ED312B700EF1609 /* Designable */,
				0ACF0A2A1ED312B700EF1609 /* Extensions */,
				0ACF0A301ED312B700EF1609 /* ParallaxHeaderView.swift */,
				0ACF0A311ED312B700EF1609 /* QuestContentTextView.swift */,
			);
			path = UIHacks;
			sourceTree = "<group>";
		};
		0ACF0A211ED312B700EF1609 /* Designable */ = {
			isa = PBXGroup;
			children = (
				0ACF0A221ED312B700EF1609 /* DesignableButton.swift */,
				0ACF0A231ED312B700EF1609 /* DesignableImageView.swift */,
				0ACF0A241ED312B700EF1609 /* DesignableLabel.swift */,
				0ACF0A251ED312B700EF1609 /* DesignableNavigationBar.swift */,
				0ACF0A261ED312B700EF1609 /* DesignableProgressView.swift */,
				0ACF0A271ED312B700EF1609 /* DesignableTextField.swift */,
				0ACF0A281ED312B700EF1609 /* DesignableTextView.swift */,
				0ACF0A291ED312B700EF1609 /* DesignableView.swift */,
			);
			path = Designable;
			sourceTree = "<group>";
		};
		0ACF0A2A1ED312B700EF1609 /* Extensions */ = {
			isa = PBXGroup;
			children = (
				0ACF0A2B1ED312B700EF1609 /* NSNumberExtensions.swift */,
				0ACF0A2C1ED312B700EF1609 /* UIBezierPath+Polygon.swift */,
				0ACF0A2D1ED312B700EF1609 /* UIViewAnimations.swift */,
				0ACF0A2E1ED312B700EF1609 /* UIViewControllerExtensions.swift */,
				0ACF0A2F1ED312B700EF1609 /* UIViewExtensions.swift */,
			);
			path = Extensions;
			sourceTree = "<group>";
		};
		0ACF0A4B1ED3AA6800EF1609 /* Extensions */ = {
			isa = PBXGroup;
			children = (
				0AEE496D1ED91B5F00471129 /* UIView+Loading.swift */,
				0ACF0A4C1ED3AA6800EF1609 /* DateExtensions.swift */,
				0ACF0A4D1ED3AA6800EF1609 /* NumberExtensions.swift */,
				0ACF0A4E1ED3AA6800EF1609 /* String+Quests.swift */,
				0ACF0A4F1ED3AA6800EF1609 /* StringExtensions.swift */,
				0ACF0A501ED3AA6800EF1609 /* UIImageViewExtension.swift */,
				0ACF0A511ED3AA6800EF1609 /* UITextInput+Quests.swift */,
				0ACF0A521ED3AA6800EF1609 /* UIView+Parallax.swift */,
				0AEE48E41ED67BAB00471129 /* UIColor+DayTime.swift */,
			);
			path = Extensions;
			sourceTree = "<group>";
		};
		0ACFD9911EDB017E00E4077F /* Message */ = {
			isa = PBXGroup;
			children = (
				0ACFD9921EDB017E00E4077F /* MessageView.swift */,
				0ACFD9931EDB017E00E4077F /* MessageView.xib */,
			);
			path = Message;
			sourceTree = "<group>";
		};
		0ACFD9A61EDB143E00E4077F /* Scene */ = {
			isa = PBXGroup;
			children = (
				0ACFD9BC1EDB146200E4077F /* SceneComponent.swift */,
				0ACFD9AA1EDB143E00E4077F /* Star */,
				0ACFD9A71EDB143E00E4077F /* Moon */,
				0ACFD9AD1EDB143E00E4077F /* Sun */,
			);
			path = Scene;
			sourceTree = "<group>";
		};
		0ACFD9A71EDB143E00E4077F /* Moon */ = {
			isa = PBXGroup;
			children = (
				0ACFD9A81EDB143E00E4077F /* Moon.swift */,
				0ACFD9A91EDB143E00E4077F /* Moon.xib */,
			);
			path = Moon;
			sourceTree = "<group>";
		};
		0ACFD9AA1EDB143E00E4077F /* Star */ = {
			isa = PBXGroup;
			children = (
				0ACFD9AB1EDB143E00E4077F /* Star.swift */,
				0ACFD9AC1EDB143E00E4077F /* Star.xib */,
			);
			path = Star;
			sourceTree = "<group>";
		};
		0ACFD9AD1EDB143E00E4077F /* Sun */ = {
			isa = PBXGroup;
			children = (
				0ACFD9AE1EDB143E00E4077F /* Sun.swift */,
				0ACFD9AF1EDB143E00E4077F /* Sun.xib */,
			);
			path = Sun;
			sourceTree = "<group>";
		};
		0AEE49741ED9658B00471129 /* PS-Editor */ = {
			isa = PBXGroup;
			children = (
				0AEE49751ED9658B00471129 /* AppDelegate.swift */,
				0AEE49B21ED9667700471129 /* FirebaseHelper+CreateDB.swift */,
				0AEE49811ED9658B00471129 /* Info.plist */,
			);
			path = "PS-Editor";
			sourceTree = "<group>";
		};
		49C271586C8C8C5061F89182 /* Frameworks */ = {
			isa = PBXGroup;
			children = (
				87402482B0CD08F44B1C3E69 /* Pods_PS.framework */,
				6E6D9A1B43B5FF289BB32BD5 /* Pods_PS_Editor.framework */,
			);
			name = Frameworks;
			sourceTree = "<group>";
		};
		F983F839BDB91B9DB0525A62 /* Pods */ = {
			isa = PBXGroup;
			children = (
				73164C272DC059303B5192C2 /* Pods-PS.debug.xcconfig */,
				CE34D7690D1A0711E9E38CC0 /* Pods-PS.release.xcconfig */,
				4BCF678C8EAFE61157620585 /* Pods-PS-Editor.debug.xcconfig */,
				4235C4481CF794EEA74EAF3E /* Pods-PS-Editor.release.xcconfig */,
			);
			name = Pods;
			sourceTree = "<group>";
		};
/* End PBXGroup section */

/* Begin PBXNativeTarget section */
		0ACF09F61ED3103D00EF1609 /* PS */ = {
			isa = PBXNativeTarget;
			buildConfigurationList = 0ACF0A091ED3103D00EF1609 /* Build configuration list for PBXNativeTarget "PS" */;
			buildPhases = (
				18A7497446F5AC90335FA8D8 /* [CP] Check Pods Manifest.lock */,
				0ACF09F31ED3103D00EF1609 /* Sources */,
				0ACF09F41ED3103D00EF1609 /* Frameworks */,
				0ACF09F51ED3103D00EF1609 /* Resources */,
				388FB9B89333C54A9D32B67A /* [CP] Embed Pods Frameworks */,
				A68F9661B6988A0AFAD1D8EF /* [CP] Copy Pods Resources */,
			);
			buildRules = (
			);
			dependencies = (
			);
			name = PS;
			productName = PS;
			productReference = 0ACF09F71ED3103D00EF1609 /* PS.app */;
			productType = "com.apple.product-type.application";
		};
		0AEE49721ED9658B00471129 /* PS-Editor */ = {
			isa = PBXNativeTarget;
			buildConfigurationList = 0AEE49821ED9658C00471129 /* Build configuration list for PBXNativeTarget "PS-Editor" */;
			buildPhases = (
				0A396DCFBE7B84E7A0C61729 /* [CP] Check Pods Manifest.lock */,
				0AEE496F1ED9658B00471129 /* Sources */,
				0AEE49701ED9658B00471129 /* Frameworks */,
				0AEE49711ED9658B00471129 /* Resources */,
				E9B28FBB5CE269E901CCBE3B /* [CP] Embed Pods Frameworks */,
				3D9822EC57F3DF6281B01BAE /* [CP] Copy Pods Resources */,
			);
			buildRules = (
			);
			dependencies = (
			);
			name = "PS-Editor";
			productName = "PS-Editor";
			productReference = 0AEE49731ED9658B00471129 /* PS-Editor.app */;
			productType = "com.apple.product-type.application";
		};
/* End PBXNativeTarget section */

/* Begin PBXProject section */
		0ACF09EF1ED3103D00EF1609 /* Project object */ = {
			isa = PBXProject;
			attributes = {
				LastSwiftUpdateCheck = 0830;
				LastUpgradeCheck = 0830;
				ORGANIZATIONNAME = "It's Day Off";
				TargetAttributes = {
					0ACF09F61ED3103D00EF1609 = {
						CreatedOnToolsVersion = 8.3.2;
						DevelopmentTeam = S2DSCP4F3H;
						ProvisioningStyle = Automatic;
					};
					0AEE49721ED9658B00471129 = {
						CreatedOnToolsVersion = 8.3.2;
						DevelopmentTeam = S2DSCP4F3H;
						ProvisioningStyle = Automatic;
					};
				};
			};
			buildConfigurationList = 0ACF09F21ED3103D00EF1609 /* Build configuration list for PBXProject "PS" */;
			compatibilityVersion = "Xcode 3.2";
			developmentRegion = English;
			hasScannedForEncodings = 0;
			knownRegions = (
				en,
				Base,
			);
			mainGroup = 0ACF09EE1ED3103D00EF1609;
			productRefGroup = 0ACF09F81ED3103D00EF1609 /* Products */;
			projectDirPath = "";
			projectRoot = "";
			targets = (
				0ACF09F61ED3103D00EF1609 /* PS */,
				0AEE49721ED9658B00471129 /* PS-Editor */,
			);
		};
/* End PBXProject section */

/* Begin PBXResourcesBuildPhase section */
		0ACF09F51ED3103D00EF1609 /* Resources */ = {
			isa = PBXResourcesBuildPhase;
			buildActionMask = 2147483647;
			files = (
				0ACF0A191ED3108800EF1609 /* Main.storyboard in Resources */,
				0ACF0A481ED3252800EF1609 /* GoogleService-Info.plist in Resources */,
				0ACFD9B21EDB143E00E4077F /* Moon.xib in Resources */,
				0ACFD9B61EDB143E00E4077F /* Star.xib in Resources */,
				0ACF0A171ED3108800EF1609 /* Assets.xcassets in Resources */,
				0ACFD9961EDB017E00E4077F /* MessageView.xib in Resources */,
				0ACFD9BA1EDB143E00E4077F /* Sun.xib in Resources */,
				0ACF0A181ED3108800EF1609 /* LaunchScreen.storyboard in Resources */,
				0A1CFFDF1ED505BD009D9FD3 /* Alerts.storyboard in Resources */,
			);
			runOnlyForDeploymentPostprocessing = 0;
		};
		0AEE49711ED9658B00471129 /* Resources */ = {
			isa = PBXResourcesBuildPhase;
			buildActionMask = 2147483647;
			files = (
				0AEE49B01ED9663C00471129 /* Main.storyboard in Resources */,
				0AEE49AF1ED9663600471129 /* LaunchScreen.storyboard in Resources */,
				0ACFD9B31EDB143E00E4077F /* Moon.xib in Resources */,
				0ACFD9B71EDB143E00E4077F /* Star.xib in Resources */,
				0AEE49AE1ED9662000471129 /* Assets.xcassets in Resources */,
				0ACFD9971EDB017E00E4077F /* MessageView.xib in Resources */,
				0ACFD9BB1EDB143E00E4077F /* Sun.xib in Resources */,
				0AEE49851ED965EF00471129 /* GoogleService-Info.plist in Resources */,
				0AEE49B11ED9663F00471129 /* Alerts.storyboard in Resources */,
			);
			runOnlyForDeploymentPostprocessing = 0;
		};
/* End PBXResourcesBuildPhase section */

/* Begin PBXShellScriptBuildPhase section */
		0A396DCFBE7B84E7A0C61729 /* [CP] Check Pods Manifest.lock */ = {
			isa = PBXShellScriptBuildPhase;
			buildActionMask = 2147483647;
			files = (
			);
			inputPaths = (
			);
			name = "[CP] Check Pods Manifest.lock";
			outputPaths = (
			);
			runOnlyForDeploymentPostprocessing = 0;
			shellPath = /bin/sh;
			shellScript = "diff \"${PODS_ROOT}/../Podfile.lock\" \"${PODS_ROOT}/Manifest.lock\" > /dev/null\nif [ $? != 0 ] ; then\n    # print error to STDERR\n    echo \"error: The sandbox is not in sync with the Podfile.lock. Run 'pod install' or update your CocoaPods installation.\" >&2\n    exit 1\nfi\n";
			showEnvVarsInLog = 0;
		};
		18A7497446F5AC90335FA8D8 /* [CP] Check Pods Manifest.lock */ = {
			isa = PBXShellScriptBuildPhase;
			buildActionMask = 2147483647;
			files = (
			);
			inputPaths = (
			);
			name = "[CP] Check Pods Manifest.lock";
			outputPaths = (
			);
			runOnlyForDeploymentPostprocessing = 0;
			shellPath = /bin/sh;
			shellScript = "diff \"${PODS_ROOT}/../Podfile.lock\" \"${PODS_ROOT}/Manifest.lock\" > /dev/null\nif [ $? != 0 ] ; then\n    # print error to STDERR\n    echo \"error: The sandbox is not in sync with the Podfile.lock. Run 'pod install' or update your CocoaPods installation.\" >&2\n    exit 1\nfi\n";
			showEnvVarsInLog = 0;
		};
		388FB9B89333C54A9D32B67A /* [CP] Embed Pods Frameworks */ = {
			isa = PBXShellScriptBuildPhase;
			buildActionMask = 2147483647;
			files = (
			);
			inputPaths = (
			);
			name = "[CP] Embed Pods Frameworks";
			outputPaths = (
			);
			runOnlyForDeploymentPostprocessing = 0;
			shellPath = /bin/sh;
			shellScript = "\"${SRCROOT}/Pods/Target Support Files/Pods-PS/Pods-PS-frameworks.sh\"\n";
			showEnvVarsInLog = 0;
		};
		3D9822EC57F3DF6281B01BAE /* [CP] Copy Pods Resources */ = {
			isa = PBXShellScriptBuildPhase;
			buildActionMask = 2147483647;
			files = (
			);
			inputPaths = (
			);
			name = "[CP] Copy Pods Resources";
			outputPaths = (
			);
			runOnlyForDeploymentPostprocessing = 0;
			shellPath = /bin/sh;
			shellScript = "\"${SRCROOT}/Pods/Target Support Files/Pods-PS-Editor/Pods-PS-Editor-resources.sh\"\n";
			showEnvVarsInLog = 0;
		};
		A68F9661B6988A0AFAD1D8EF /* [CP] Copy Pods Resources */ = {
			isa = PBXShellScriptBuildPhase;
			buildActionMask = 2147483647;
			files = (
			);
			inputPaths = (
			);
			name = "[CP] Copy Pods Resources";
			outputPaths = (
			);
			runOnlyForDeploymentPostprocessing = 0;
			shellPath = /bin/sh;
			shellScript = "\"${SRCROOT}/Pods/Target Support Files/Pods-PS/Pods-PS-resources.sh\"\n";
			showEnvVarsInLog = 0;
		};
		E9B28FBB5CE269E901CCBE3B /* [CP] Embed Pods Frameworks */ = {
			isa = PBXShellScriptBuildPhase;
			buildActionMask = 2147483647;
			files = (
			);
			inputPaths = (
			);
			name = "[CP] Embed Pods Frameworks";
			outputPaths = (
			);
			runOnlyForDeploymentPostprocessing = 0;
			shellPath = /bin/sh;
			shellScript = "\"${SRCROOT}/Pods/Target Support Files/Pods-PS-Editor/Pods-PS-Editor-frameworks.sh\"\n";
			showEnvVarsInLog = 0;
		};
/* End PBXShellScriptBuildPhase section */

/* Begin PBXSourcesBuildPhase section */
		0ACF09F31ED3103D00EF1609 /* Sources */ = {
			isa = PBXSourcesBuildPhase;
			buildActionMask = 2147483647;
			files = (
				0ACF0A351ED312B700EF1609 /* DesignableNavigationBar.swift in Sources */,
				0AEE496E1ED91B5F00471129 /* UIView+Loading.swift in Sources */,
				0ACFD9BD1EDB146200E4077F /* SceneComponent.swift in Sources */,
				0ACFD9B81EDB143E00E4077F /* Sun.swift in Sources */,
				0ACF0A541ED3AA6800EF1609 /* DateExtensions.swift in Sources */,
				0ACF0A381ED312B700EF1609 /* DesignableTextView.swift in Sources */,
				0ACFD9941EDB017E00E4077F /* MessageView.swift in Sources */,
				0AEE48E91ED727F100471129 /* MessageTableViewCell.swift in Sources */,
				0ACF0A5A1ED3AA6800EF1609 /* UIView+Parallax.swift in Sources */,
				0ACF0A4A1ED3280B00EF1609 /* FirebaseHelper.swift in Sources */,
				0AEE48E51ED67BAB00471129 /* UIColor+DayTime.swift in Sources */,
				0AEE496A1ED90BE000471129 /* MVImagePickerView.swift in Sources */,
				0A1CFFDB1ED500F8009D9FD3 /* MVLocalNotificationsHelper.swift in Sources */,
				0ACF0A401ED312B700EF1609 /* QuestContentTextView.swift in Sources */,
				0ACF0A3F1ED312B700EF1609 /* ParallaxHeaderView.swift in Sources */,
				0ACF09FB1ED3103D00EF1609 /* AppDelegate.swift in Sources */,
				0ACF0A3D1ED312B700EF1609 /* UIViewControllerExtensions.swift in Sources */,
				0ACF0A3A1ED312B700EF1609 /* NSNumberExtensions.swift in Sources */,
				0ACF0A561ED3AA6800EF1609 /* String+Quests.swift in Sources */,
				0AEE48EF1ED72A0200471129 /* OptionsTableViewCell.swift in Sources */,
				0ACF0A331ED312B700EF1609 /* DesignableImageView.swift in Sources */,
				0AEE48EB1ED729EE00471129 /* InputTableViewCell.swift in Sources */,
				0ACF0A3C1ED312B700EF1609 /* UIViewAnimations.swift in Sources */,
				0ACF0A571ED3AA6800EF1609 /* StringExtensions.swift in Sources */,
				0ACFD9B41EDB143E00E4077F /* Star.swift in Sources */,
				0ACF0A371ED312B700EF1609 /* DesignableTextField.swift in Sources */,
				0AEE496C1ED90C9D00471129 /* ImageTableViewCell.swift in Sources */,
				0ACF0A581ED3AA6800EF1609 /* UIImageViewExtension.swift in Sources */,
				0ACF0A551ED3AA6800EF1609 /* NumberExtensions.swift in Sources */,
				0ACF0A3E1ED312B700EF1609 /* UIViewExtensions.swift in Sources */,
				0ACF0A361ED312B700EF1609 /* DesignableProgressView.swift in Sources */,
				0ACF0A341ED312B700EF1609 /* DesignableLabel.swift in Sources */,
				0A1CFFD91ED4FCB4009D9FD3 /* MVFeedbackHelper.swift in Sources */,
				0ACFD9B01EDB143E00E4077F /* Moon.swift in Sources */,
				0ACF0A5D1ED4849D00EF1609 /* Message.swift in Sources */,
				0ACF0A591ED3AA6800EF1609 /* UITextInput+Quests.swift in Sources */,
				0AEE48ED1ED729F500471129 /* ActionTableViewCell.swift in Sources */,
				0AEE48E71ED7276000471129 /* HistoryViewController.swift in Sources */,
				0ACF0A421ED314D100EF1609 /* MessageViewController.swift in Sources */,
				0ACF0A321ED312B700EF1609 /* DesignableButton.swift in Sources */,
				0ACF0A3B1ED312B700EF1609 /* UIBezierPath+Polygon.swift in Sources */,
				0ACF0A391ED312B700EF1609 /* DesignableView.swift in Sources */,
				0A1CFFE11ED5070C009D9FD3 /* AlertViewController.swift in Sources */,
			);
			runOnlyForDeploymentPostprocessing = 0;
		};
		0AEE496F1ED9658B00471129 /* Sources */ = {
			isa = PBXSourcesBuildPhase;
			buildActionMask = 2147483647;
			files = (
				0AEE49A01ED9660900471129 /* FirebaseHelper.swift in Sources */,
				0AEE498E1ED965F700471129 /* UITextInput+Quests.swift in Sources */,
				0ACFD9B91EDB143E00E4077F /* Sun.swift in Sources */,
				0AEE49961ED965FC00471129 /* DesignableTextField.swift in Sources */,
				0ACFD9B51EDB143E00E4077F /* Star.swift in Sources */,
				0ACFD9951EDB017E00E4077F /* MessageView.swift in Sources */,
				0AEE49971ED965FC00471129 /* DesignableTextView.swift in Sources */,
				0AEE49951ED965FC00471129 /* DesignableProgressView.swift in Sources */,
				0ACFD9BE1EDB146200E4077F /* SceneComponent.swift in Sources */,
				0AEE498C1ED965F700471129 /* StringExtensions.swift in Sources */,
				0AEE49871ED965F300471129 /* MVFeedbackHelper.swift in Sources */,
				0AEE498F1ED965F700471129 /* UIView+Parallax.swift in Sources */,
				0AEE49891ED965F700471129 /* DateExtensions.swift in Sources */,
				0AEE49AB1ED9661800471129 /* ActionTableViewCell.swift in Sources */,
				0AEE49981ED965FC00471129 /* DesignableView.swift in Sources */,
				0AEE49881ED965F700471129 /* UIView+Loading.swift in Sources */,
				0AEE49921ED965FC00471129 /* DesignableImageView.swift in Sources */,
				0AEE49A31ED9660E00471129 /* MVImagePickerView.swift in Sources */,
				0AEE49861ED965F300471129 /* MVLocalNotificationsHelper.swift in Sources */,
				0ACFD9B11EDB143E00E4077F /* Moon.swift in Sources */,
				0AEE498D1ED965F700471129 /* UIImageViewExtension.swift in Sources */,
				0AEE49AA1ED9661800471129 /* InputTableViewCell.swift in Sources */,
				0AEE49AD1ED9661800471129 /* ImageTableViewCell.swift in Sources */,
				0AEE499B1ED9660100471129 /* UIViewAnimations.swift in Sources */,
				0AEE498A1ED965F700471129 /* NumberExtensions.swift in Sources */,
				0AEE49991ED9660100471129 /* NSNumberExtensions.swift in Sources */,
				0AEE499C1ED9660100471129 /* UIViewControllerExtensions.swift in Sources */,
				0AEE49931ED965FC00471129 /* DesignableLabel.swift in Sources */,
				0AEE49941ED965FC00471129 /* DesignableNavigationBar.swift in Sources */,
				0AEE49901ED965F700471129 /* UIColor+DayTime.swift in Sources */,
				0AEE49911ED965FC00471129 /* DesignableButton.swift in Sources */,
				0AEE49AC1ED9661800471129 /* OptionsTableViewCell.swift in Sources */,
				0AEE499D1ED9660100471129 /* UIViewExtensions.swift in Sources */,
				0AEE49A61ED9661100471129 /* AlertViewController.swift in Sources */,
				0AEE49B31ED9667700471129 /* FirebaseHelper+CreateDB.swift in Sources */,
				0AEE49761ED9658B00471129 /* AppDelegate.swift in Sources */,
				0AEE49A41ED9661100471129 /* MessageViewController.swift in Sources */,
				0AEE49A91ED9661800471129 /* MessageTableViewCell.swift in Sources */,
				0AEE49A51ED9661100471129 /* HistoryViewController.swift in Sources */,
				0AEE499A1ED9660100471129 /* UIBezierPath+Polygon.swift in Sources */,
				0AEE499E1ED9660100471129 /* ParallaxHeaderView.swift in Sources */,
				0AEE49A21ED9660900471129 /* Message.swift in Sources */,
				0AEE499F1ED9660100471129 /* QuestContentTextView.swift in Sources */,
				0AEE498B1ED965F700471129 /* String+Quests.swift in Sources */,
			);
			runOnlyForDeploymentPostprocessing = 0;
		};
/* End PBXSourcesBuildPhase section */

/* Begin PBXVariantGroup section */
		0ACF0A111ED3108800EF1609 /* LaunchScreen.storyboard */ = {
			isa = PBXVariantGroup;
			children = (
				0ACF0A121ED3108800EF1609 /* Base */,
			);
			name = LaunchScreen.storyboard;
			sourceTree = "<group>";
		};
		0ACF0A131ED3108800EF1609 /* Main.storyboard */ = {
			isa = PBXVariantGroup;
			children = (
				0ACF0A141ED3108800EF1609 /* Base */,
			);
			name = Main.storyboard;
			sourceTree = "<group>";
		};
/* End PBXVariantGroup section */

/* Begin XCBuildConfiguration section */
		0ACF0A071ED3103D00EF1609 /* Debug */ = {
			isa = XCBuildConfiguration;
			buildSettings = {
				ALWAYS_SEARCH_USER_PATHS = NO;
				CLANG_ANALYZER_NONNULL = YES;
				CLANG_ANALYZER_NUMBER_OBJECT_CONVERSION = YES_AGGRESSIVE;
				CLANG_CXX_LANGUAGE_STANDARD = "gnu++0x";
				CLANG_CXX_LIBRARY = "libc++";
				CLANG_ENABLE_MODULES = YES;
				CLANG_ENABLE_OBJC_ARC = YES;
				CLANG_WARN_BOOL_CONVERSION = YES;
				CLANG_WARN_CONSTANT_CONVERSION = YES;
				CLANG_WARN_DIRECT_OBJC_ISA_USAGE = YES_ERROR;
				CLANG_WARN_DOCUMENTATION_COMMENTS = YES;
				CLANG_WARN_EMPTY_BODY = YES;
				CLANG_WARN_ENUM_CONVERSION = YES;
				CLANG_WARN_INFINITE_RECURSION = YES;
				CLANG_WARN_INT_CONVERSION = YES;
				CLANG_WARN_OBJC_ROOT_CLASS = YES_ERROR;
				CLANG_WARN_SUSPICIOUS_MOVE = YES;
				CLANG_WARN_UNREACHABLE_CODE = YES;
				CLANG_WARN__DUPLICATE_METHOD_MATCH = YES;
				"CODE_SIGN_IDENTITY[sdk=iphoneos*]" = "iPhone Developer";
				COPY_PHASE_STRIP = NO;
				DEBUG_INFORMATION_FORMAT = dwarf;
				ENABLE_STRICT_OBJC_MSGSEND = YES;
				ENABLE_TESTABILITY = YES;
				GCC_C_LANGUAGE_STANDARD = gnu99;
				GCC_DYNAMIC_NO_PIC = NO;
				GCC_NO_COMMON_BLOCKS = YES;
				GCC_OPTIMIZATION_LEVEL = 0;
				GCC_PREPROCESSOR_DEFINITIONS = (
					"DEBUG=1",
					"$(inherited)",
				);
				GCC_WARN_64_TO_32_BIT_CONVERSION = YES;
				GCC_WARN_ABOUT_RETURN_TYPE = YES_ERROR;
				GCC_WARN_UNDECLARED_SELECTOR = YES;
				GCC_WARN_UNINITIALIZED_AUTOS = YES_AGGRESSIVE;
				GCC_WARN_UNUSED_FUNCTION = YES;
				GCC_WARN_UNUSED_VARIABLE = YES;
				IPHONEOS_DEPLOYMENT_TARGET = 10.3;
				MTL_ENABLE_DEBUG_INFO = YES;
				ONLY_ACTIVE_ARCH = YES;
				SDKROOT = iphoneos;
				SWIFT_ACTIVE_COMPILATION_CONDITIONS = DEBUG;
				SWIFT_OPTIMIZATION_LEVEL = "-Onone";
				TARGETED_DEVICE_FAMILY = "1,2";
			};
			name = Debug;
		};
		0ACF0A081ED3103D00EF1609 /* Release */ = {
			isa = XCBuildConfiguration;
			buildSettings = {
				ALWAYS_SEARCH_USER_PATHS = NO;
				CLANG_ANALYZER_NONNULL = YES;
				CLANG_ANALYZER_NUMBER_OBJECT_CONVERSION = YES_AGGRESSIVE;
				CLANG_CXX_LANGUAGE_STANDARD = "gnu++0x";
				CLANG_CXX_LIBRARY = "libc++";
				CLANG_ENABLE_MODULES = YES;
				CLANG_ENABLE_OBJC_ARC = YES;
				CLANG_WARN_BOOL_CONVERSION = YES;
				CLANG_WARN_CONSTANT_CONVERSION = YES;
				CLANG_WARN_DIRECT_OBJC_ISA_USAGE = YES_ERROR;
				CLANG_WARN_DOCUMENTATION_COMMENTS = YES;
				CLANG_WARN_EMPTY_BODY = YES;
				CLANG_WARN_ENUM_CONVERSION = YES;
				CLANG_WARN_INFINITE_RECURSION = YES;
				CLANG_WARN_INT_CONVERSION = YES;
				CLANG_WARN_OBJC_ROOT_CLASS = YES_ERROR;
				CLANG_WARN_SUSPICIOUS_MOVE = YES;
				CLANG_WARN_UNREACHABLE_CODE = YES;
				CLANG_WARN__DUPLICATE_METHOD_MATCH = YES;
				"CODE_SIGN_IDENTITY[sdk=iphoneos*]" = "iPhone Developer";
				COPY_PHASE_STRIP = NO;
				DEBUG_INFORMATION_FORMAT = "dwarf-with-dsym";
				ENABLE_NS_ASSERTIONS = NO;
				ENABLE_STRICT_OBJC_MSGSEND = YES;
				GCC_C_LANGUAGE_STANDARD = gnu99;
				GCC_NO_COMMON_BLOCKS = YES;
				GCC_WARN_64_TO_32_BIT_CONVERSION = YES;
				GCC_WARN_ABOUT_RETURN_TYPE = YES_ERROR;
				GCC_WARN_UNDECLARED_SELECTOR = YES;
				GCC_WARN_UNINITIALIZED_AUTOS = YES_AGGRESSIVE;
				GCC_WARN_UNUSED_FUNCTION = YES;
				GCC_WARN_UNUSED_VARIABLE = YES;
				IPHONEOS_DEPLOYMENT_TARGET = 10.3;
				MTL_ENABLE_DEBUG_INFO = NO;
				SDKROOT = iphoneos;
				SWIFT_OPTIMIZATION_LEVEL = "-Owholemodule";
				TARGETED_DEVICE_FAMILY = "1,2";
				VALIDATE_PRODUCT = YES;
			};
			name = Release;
		};
		0ACF0A0A1ED3103D00EF1609 /* Debug */ = {
			isa = XCBuildConfiguration;
			baseConfigurationReference = 73164C272DC059303B5192C2 /* Pods-PS.debug.xcconfig */;
			buildSettings = {
				ASSETCATALOG_COMPILER_APPICON_NAME = AppIcon;
				DEVELOPMENT_TEAM = S2DSCP4F3H;
				INFOPLIST_FILE = PS/Info.plist;
				IPHONEOS_DEPLOYMENT_TARGET = 9.0;
				LD_RUNPATH_SEARCH_PATHS = "$(inherited) @executable_path/Frameworks";
				PRODUCT_BUNDLE_IDENTIFIER = com.itsdayoff.PS;
				PRODUCT_NAME = "$(TARGET_NAME)";
				SWIFT_VERSION = 3.0;
				TARGETED_DEVICE_FAMILY = 1;
			};
			name = Debug;
		};
		0ACF0A0B1ED3103D00EF1609 /* Release */ = {
			isa = XCBuildConfiguration;
			baseConfigurationReference = CE34D7690D1A0711E9E38CC0 /* Pods-PS.release.xcconfig */;
			buildSettings = {
				ASSETCATALOG_COMPILER_APPICON_NAME = AppIcon;
				DEVELOPMENT_TEAM = S2DSCP4F3H;
				INFOPLIST_FILE = PS/Info.plist;
				IPHONEOS_DEPLOYMENT_TARGET = 9.0;
				LD_RUNPATH_SEARCH_PATHS = "$(inherited) @executable_path/Frameworks";
				PRODUCT_BUNDLE_IDENTIFIER = com.itsdayoff.PS;
				PRODUCT_NAME = "$(TARGET_NAME)";
				SWIFT_VERSION = 3.0;
				TARGETED_DEVICE_FAMILY = 1;
			};
			name = Release;
		};
		0AEE49831ED9658C00471129 /* Debug */ = {
			isa = XCBuildConfiguration;
			baseConfigurationReference = 4BCF678C8EAFE61157620585 /* Pods-PS-Editor.debug.xcconfig */;
			buildSettings = {
				ASSETCATALOG_COMPILER_APPICON_NAME = AppIcon;
				DEVELOPMENT_TEAM = S2DSCP4F3H;
				INFOPLIST_FILE = "PS-Editor/Info.plist";
				LD_RUNPATH_SEARCH_PATHS = "$(inherited) @executable_path/Frameworks";
				OTHER_SWIFT_FLAGS = "$(inherited) \"-D\" \"COCOAPODS\" -DEditor";
				PRODUCT_BUNDLE_IDENTIFIER = "com.itsdayoff.PS-Editor";
				PRODUCT_NAME = "$(TARGET_NAME)";
				SWIFT_VERSION = 3.0;
				TARGETED_DEVICE_FAMILY = 1;
			};
			name = Debug;
		};
		0AEE49841ED9658C00471129 /* Release */ = {
			isa = XCBuildConfiguration;
			baseConfigurationReference = 4235C4481CF794EEA74EAF3E /* Pods-PS-Editor.release.xcconfig */;
			buildSettings = {
				ASSETCATALOG_COMPILER_APPICON_NAME = AppIcon;
				DEVELOPMENT_TEAM = S2DSCP4F3H;
				INFOPLIST_FILE = "PS-Editor/Info.plist";
				LD_RUNPATH_SEARCH_PATHS = "$(inherited) @executable_path/Frameworks";
				OTHER_SWIFT_FLAGS = "$(inherited) \"-D\" \"COCOAPODS\" -DEditor";
				PRODUCT_BUNDLE_IDENTIFIER = "com.itsdayoff.PS-Editor";
				PRODUCT_NAME = "$(TARGET_NAME)";
				SWIFT_VERSION = 3.0;
				TARGETED_DEVICE_FAMILY = 1;
			};
			name = Release;
		};
/* End XCBuildConfiguration section */

/* Begin XCConfigurationList section */
		0ACF09F21ED3103D00EF1609 /* Build configuration list for PBXProject "PS" */ = {
			isa = XCConfigurationList;
			buildConfigurations = (
				0ACF0A071ED3103D00EF1609 /* Debug */,
				0ACF0A081ED3103D00EF1609 /* Release */,
			);
			defaultConfigurationIsVisible = 0;
			defaultConfigurationName = Release;
		};
		0ACF0A091ED3103D00EF1609 /* Build configuration list for PBXNativeTarget "PS" */ = {
			isa = XCConfigurationList;
			buildConfigurations = (
				0ACF0A0A1ED3103D00EF1609 /* Debug */,
				0ACF0A0B1ED3103D00EF1609 /* Release */,
			);
			defaultConfigurationIsVisible = 0;
			defaultConfigurationName = Release;
		};
		0AEE49821ED9658C00471129 /* Build configuration list for PBXNativeTarget "PS-Editor" */ = {
			isa = XCConfigurationList;
			buildConfigurations = (
				0AEE49831ED9658C00471129 /* Debug */,
				0AEE49841ED9658C00471129 /* Release */,
			);
			defaultConfigurationIsVisible = 0;
			defaultConfigurationName = Release;
		};
/* End XCConfigurationList section */
	};
	rootObject = 0ACF09EF1ED3103D00EF1609 /* Project object */;
}
