// !$*UTF8*$!
{
	archiveVersion = 1;
	classes = {
	};
	objectVersion = 46;
	objects = {

/* Begin PBXBuildFile section */
		0ACF09FB1ED3103D00EF1609 /* AppDelegate.swift in Sources */ = {isa = PBXBuildFile; fileRef = 0ACF09FA1ED3103D00EF1609 /* AppDelegate.swift */; };
		0ACF0A171ED3108800EF1609 /* Assets.xcassets in Resources */ = {isa = PBXBuildFile; fileRef = 0ACF0A0D1ED3108800EF1609 /* Assets.xcassets */; };
		0ACF0A181ED3108800EF1609 /* LaunchScreen.storyboard in Resources */ = {isa = PBXBuildFile; fileRef = 0ACF0A111ED3108800EF1609 /* LaunchScreen.storyboard */; };
		0ACF0A191ED3108800EF1609 /* Main.storyboard in Resources */ = {isa = PBXBuildFile; fileRef = 0ACF0A131ED3108800EF1609 /* Main.storyboard */; };
		0ACF0A321ED312B700EF1609 /* DesignableButton.swift in Sources */ = {isa = PBXBuildFile; fileRef = 0ACF0A221ED312B700EF1609 /* DesignableButton.swift */; };
		0ACF0A331ED312B700EF1609 /* DesignableImageView.swift in Sources */ = {isa = PBXBuildFile; fileRef = 0ACF0A231ED312B700EF1609 /* DesignableImageView.swift */; };
		0ACF0A341ED312B700EF1609 /* DesignableLabel.swift in Sources */ = {isa = PBXBuildFile; fileRef = 0ACF0A241ED312B700EF1609 /* DesignableLabel.swift */; };
		0ACF0A351ED312B700EF1609 /* DesignableNavigationBar.swift in Sources */ = {isa = PBXBuildFile; fileRef = 0ACF0A251ED312B700EF1609 /* DesignableNavigationBar.swift */; };
		0ACF0A361ED312B700EF1609 /* DesignableProgressView.swift in Sources */ = {isa = PBXBuildFile; fileRef = 0ACF0A261ED312B700EF1609 /* DesignableProgressView.swift */; };
		0ACF0A371ED312B700EF1609 /* DesignableTextField.swift in Sources */ = {isa = PBXBuildFile; fileRef = 0ACF0A271ED312B700EF1609 /* DesignableTextField.swift */; };
		0ACF0A381ED312B700EF1609 /* DesignableTextView.swift in Sources */ = {isa = PBXBuildFile; fileRef = 0ACF0A281ED312B700EF1609 /* DesignableTextView.swift */; };
		0ACF0A391ED312B700EF1609 /* DesignableView.swift in Sources */ = {isa = PBXBuildFile; fileRef = 0ACF0A291ED312B700EF1609 /* DesignableView.swift */; };
		0ACF0A3A1ED312B700EF1609 /* NSNumberExtensions.swift in Sources */ = {isa = PBXBuildFile; fileRef = 0ACF0A2B1ED312B700EF1609 /* NSNumberExtensions.swift */; };
		0ACF0A3B1ED312B700EF1609 /* UIBezierPath+Polygon.swift in Sources */ = {isa = PBXBuildFile; fileRef = 0ACF0A2C1ED312B700EF1609 /* UIBezierPath+Polygon.swift */; };
		0ACF0A3C1ED312B700EF1609 /* UIViewAnimations.swift in Sources */ = {isa = PBXBuildFile; fileRef = 0ACF0A2D1ED312B700EF1609 /* UIViewAnimations.swift */; };
		0ACF0A3D1ED312B700EF1609 /* UIViewControllerExtensions.swift in Sources */ = {isa = PBXBuildFile; fileRef = 0ACF0A2E1ED312B700EF1609 /* UIViewControllerExtensions.swift */; };
		0ACF0A3E1ED312B700EF1609 /* UIViewExtensions.swift in Sources */ = {isa = PBXBuildFile; fileRef = 0ACF0A2F1ED312B700EF1609 /* UIViewExtensions.swift */; };
		0ACF0A3F1ED312B700EF1609 /* ParallaxHeaderView.swift in Sources */ = {isa = PBXBuildFile; fileRef = 0ACF0A301ED312B700EF1609 /* ParallaxHeaderView.swift */; };
		0ACF0A401ED312B700EF1609 /* QuestContentTextView.swift in Sources */ = {isa = PBXBuildFile; fileRef = 0ACF0A311ED312B700EF1609 /* QuestContentTextView.swift */; };
		0ACF0A421ED314D100EF1609 /* MessageViewController.swift in Sources */ = {isa = PBXBuildFile; fileRef = 0ACF0A411ED314D100EF1609 /* MessageViewController.swift */; };
		0ACF0A441ED3170400EF1609 /* MessageView.swift in Sources */ = {isa = PBXBuildFile; fileRef = 0ACF0A431ED3170400EF1609 /* MessageView.swift */; };
		0ACF0A461ED3182B00EF1609 /* MessageView.xib in Resources */ = {isa = PBXBuildFile; fileRef = 0ACF0A451ED3182B00EF1609 /* MessageView.xib */; };
/* End PBXBuildFile section */

/* Begin PBXFileReference section */
		0ACF09F71ED3103D00EF1609 /* PS.app */ = {isa = PBXFileReference; explicitFileType = wrapper.application; includeInIndex = 0; path = PS.app; sourceTree = BUILT_PRODUCTS_DIR; };
		0ACF09FA1ED3103D00EF1609 /* AppDelegate.swift */ = {isa = PBXFileReference; lastKnownFileType = sourcecode.swift; path = AppDelegate.swift; sourceTree = "<group>"; };
		0ACF0A061ED3103D00EF1609 /* Info.plist */ = {isa = PBXFileReference; lastKnownFileType = text.plist.xml; path = Info.plist; sourceTree = "<group>"; };
		0ACF0A0D1ED3108800EF1609 /* Assets.xcassets */ = {isa = PBXFileReference; lastKnownFileType = folder.assetcatalog; path = Assets.xcassets; sourceTree = "<group>"; };
		0ACF0A121ED3108800EF1609 /* Base */ = {isa = PBXFileReference; lastKnownFileType = file.storyboard; name = Base; path = Base.lproj/LaunchScreen.storyboard; sourceTree = "<group>"; };
		0ACF0A141ED3108800EF1609 /* Base */ = {isa = PBXFileReference; lastKnownFileType = file.storyboard; name = Base; path = Base.lproj/Main.storyboard; sourceTree = "<group>"; };
		0ACF0A221ED312B700EF1609 /* DesignableButton.swift */ = {isa = PBXFileReference; fileEncoding = 4; lastKnownFileType = sourcecode.swift; path = DesignableButton.swift; sourceTree = "<group>"; };
		0ACF0A231ED312B700EF1609 /* DesignableImageView.swift */ = {isa = PBXFileReference; fileEncoding = 4; lastKnownFileType = sourcecode.swift; path = DesignableImageView.swift; sourceTree = "<group>"; };
		0ACF0A241ED312B700EF1609 /* DesignableLabel.swift */ = {isa = PBXFileReference; fileEncoding = 4; lastKnownFileType = sourcecode.swift; path = DesignableLabel.swift; sourceTree = "<group>"; };
		0ACF0A251ED312B700EF1609 /* DesignableNavigationBar.swift */ = {isa = PBXFileReference; fileEncoding = 4; lastKnownFileType = sourcecode.swift; path = DesignableNavigationBar.swift; sourceTree = "<group>"; };
		0ACF0A261ED312B700EF1609 /* DesignableProgressView.swift */ = {isa = PBXFileReference; fileEncoding = 4; lastKnownFileType = sourcecode.swift; path = DesignableProgressView.swift; sourceTree = "<group>"; };
		0ACF0A271ED312B700EF1609 /* DesignableTextField.swift */ = {isa = PBXFileReference; fileEncoding = 4; lastKnownFileType = sourcecode.swift; path = DesignableTextField.swift; sourceTree = "<group>"; };
		0ACF0A281ED312B700EF1609 /* DesignableTextView.swift */ = {isa = PBXFileReference; fileEncoding = 4; lastKnownFileType = sourcecode.swift; path = DesignableTextView.swift; sourceTree = "<group>"; };
		0ACF0A291ED312B700EF1609 /* DesignableView.swift */ = {isa = PBXFileReference; fileEncoding = 4; lastKnownFileType = sourcecode.swift; path = DesignableView.swift; sourceTree = "<group>"; };
		0ACF0A2B1ED312B700EF1609 /* NSNumberExtensions.swift */ = {isa = PBXFileReference; fileEncoding = 4; lastKnownFileType = sourcecode.swift; path = NSNumberExtensions.swift; sourceTree = "<group>"; };
		0ACF0A2C1ED312B700EF1609 /* UIBezierPath+Polygon.swift */ = {isa = PBXFileReference; fileEncoding = 4; lastKnownFileType = sourcecode.swift; path = "UIBezierPath+Polygon.swift"; sourceTree = "<group>"; };
		0ACF0A2D1ED312B700EF1609 /* UIViewAnimations.swift */ = {isa = PBXFileReference; fileEncoding = 4; lastKnownFileType = sourcecode.swift; path = UIViewAnimations.swift; sourceTree = "<group>"; };
		0ACF0A2E1ED312B700EF1609 /* UIViewControllerExtensions.swift */ = {isa = PBXFileReference; fileEncoding = 4; lastKnownFileType = sourcecode.swift; path = UIViewControllerExtensions.swift; sourceTree = "<group>"; };
		0ACF0A2F1ED312B700EF1609 /* UIViewExtensions.swift */ = {isa = PBXFileReference; fileEncoding = 4; lastKnownFileType = sourcecode.swift; path = UIViewExtensions.swift; sourceTree = "<group>"; };
		0ACF0A301ED312B700EF1609 /* ParallaxHeaderView.swift */ = {isa = PBXFileReference; fileEncoding = 4; lastKnownFileType = sourcecode.swift; path = ParallaxHeaderView.swift; sourceTree = "<group>"; };
		0ACF0A311ED312B700EF1609 /* QuestContentTextView.swift */ = {isa = PBXFileReference; fileEncoding = 4; lastKnownFileType = sourcecode.swift; path = QuestContentTextView.swift; sourceTree = "<group>"; };
		0ACF0A411ED314D100EF1609 /* MessageViewController.swift */ = {isa = PBXFileReference; fileEncoding = 4; lastKnownFileType = sourcecode.swift; path = MessageViewController.swift; sourceTree = "<group>"; };
		0ACF0A431ED3170400EF1609 /* MessageView.swift */ = {isa = PBXFileReference; fileEncoding = 4; lastKnownFileType = sourcecode.swift; path = MessageView.swift; sourceTree = "<group>"; };
		0ACF0A451ED3182B00EF1609 /* MessageView.xib */ = {isa = PBXFileReference; fileEncoding = 4; lastKnownFileType = file.xib; path = MessageView.xib; sourceTree = "<group>"; };
/* End PBXFileReference section */

/* Begin PBXFrameworksBuildPhase section */
		0ACF09F41ED3103D00EF1609 /* Frameworks */ = {
			isa = PBXFrameworksBuildPhase;
			buildActionMask = 2147483647;
			files = (
			);
			runOnlyForDeploymentPostprocessing = 0;
		};
/* End PBXFrameworksBuildPhase section */

/* Begin PBXGroup section */
		0ACF09EE1ED3103D00EF1609 = {
			isa = PBXGroup;
			children = (
				0ACF09F91ED3103D00EF1609 /* PS */,
				0ACF09F81ED3103D00EF1609 /* Products */,
			);
			sourceTree = "<group>";
		};
		0ACF09F81ED3103D00EF1609 /* Products */ = {
			isa = PBXGroup;
			children = (
				0ACF09F71ED3103D00EF1609 /* PS.app */,
			);
			name = Products;
			sourceTree = "<group>";
		};
		0ACF09F91ED3103D00EF1609 /* PS */ = {
			isa = PBXGroup;
			children = (
				0ACF09FA1ED3103D00EF1609 /* AppDelegate.swift */,
				0ACF0A061ED3103D00EF1609 /* Info.plist */,
				0ACF0A0F1ED3108800EF1609 /* Library */,
				0ACF0A0E1ED3108800EF1609 /* Data */,
				0ACF0A151ED3108800EF1609 /* View */,
				0ACF0A0C1ED3108800EF1609 /* Assets */,
				0ACF0A101ED3108800EF1609 /* Storyboards */,
			);
			path = PS;
			sourceTree = "<group>";
		};
		0ACF0A0C1ED3108800EF1609 /* Assets */ = {
			isa = PBXGroup;
			children = (
				0ACF0A0D1ED3108800EF1609 /* Assets.xcassets */,
			);
			path = Assets;
			sourceTree = "<group>";
		};
		0ACF0A0E1ED3108800EF1609 /* Data */ = {
			isa = PBXGroup;
			children = (
			);
			path = Data;
			sourceTree = "<group>";
		};
		0ACF0A0F1ED3108800EF1609 /* Library */ = {
			isa = PBXGroup;
			children = (
				0ACF0A201ED312B700EF1609 /* UIHacks */,
			);
			path = Library;
			sourceTree = "<group>";
		};
		0ACF0A101ED3108800EF1609 /* Storyboards */ = {
			isa = PBXGroup;
			children = (
				0ACF0A111ED3108800EF1609 /* LaunchScreen.storyboard */,
				0ACF0A131ED3108800EF1609 /* Main.storyboard */,
			);
			name = Storyboards;
			path = Localizations;
			sourceTree = "<group>";
		};
		0ACF0A151ED3108800EF1609 /* View */ = {
			isa = PBXGroup;
			children = (
				0ACF0A1B1ED3111300EF1609 /* BaseControllers */,
				0ACF0A1D1ED3111300EF1609 /* Controllers */,
				0ACF0A1F1ED3111300EF1609 /* Views */,
				0ACF0A1C1ED3111300EF1609 /* Cells */,
				0ACF0A1E1ED3111300EF1609 /* ViewModels */,
			);
			path = View;
			sourceTree = "<group>";
		};
		0ACF0A1B1ED3111300EF1609 /* BaseControllers */ = {
			isa = PBXGroup;
			children = (
			);
			path = BaseControllers;
			sourceTree = "<group>";
		};
		0ACF0A1C1ED3111300EF1609 /* Cells */ = {
			isa = PBXGroup;
			children = (
			);
			path = Cells;
			sourceTree = "<group>";
		};
		0ACF0A1D1ED3111300EF1609 /* Controllers */ = {
			isa = PBXGroup;
			children = (
				0ACF0A411ED314D100EF1609 /* MessageViewController.swift */,
			);
			path = Controllers;
			sourceTree = "<group>";
		};
		0ACF0A1E1ED3111300EF1609 /* ViewModels */ = {
			isa = PBXGroup;
			children = (
			);
			path = ViewModels;
			sourceTree = "<group>";
		};
		0ACF0A1F1ED3111300EF1609 /* Views */ = {
			isa = PBXGroup;
			children = (
				0ACF0A431ED3170400EF1609 /* MessageView.swift */,
				0ACF0A451ED3182B00EF1609 /* MessageView.xib */,
			);
			path = Views;
			sourceTree = "<group>";
		};
		0ACF0A201ED312B700EF1609 /* UIHacks */ = {
			isa = PBXGroup;
			children = (
				0ACF0A211ED312B700EF1609 /* Designable */,
				0ACF0A2A1ED312B700EF1609 /* Extensions */,
				0ACF0A301ED312B700EF1609 /* ParallaxHeaderView.swift */,
				0ACF0A311ED312B700EF1609 /* QuestContentTextView.swift */,
			);
			path = UIHacks;
			sourceTree = "<group>";
		};
		0ACF0A211ED312B700EF1609 /* Designable */ = {
			isa = PBXGroup;
			children = (
				0ACF0A221ED312B700EF1609 /* DesignableButton.swift */,
				0ACF0A231ED312B700EF1609 /* DesignableImageView.swift */,
				0ACF0A241ED312B700EF1609 /* DesignableLabel.swift */,
				0ACF0A251ED312B700EF1609 /* DesignableNavigationBar.swift */,
				0ACF0A261ED312B700EF1609 /* DesignableProgressView.swift */,
				0ACF0A271ED312B700EF1609 /* DesignableTextField.swift */,
				0ACF0A281ED312B700EF1609 /* DesignableTextView.swift */,
				0ACF0A291ED312B700EF1609 /* DesignableView.swift */,
			);
			path = Designable;
			sourceTree = "<group>";
		};
		0ACF0A2A1ED312B700EF1609 /* Extensions */ = {
			isa = PBXGroup;
			children = (
				0ACF0A2B1ED312B700EF1609 /* NSNumberExtensions.swift */,
				0ACF0A2C1ED312B700EF1609 /* UIBezierPath+Polygon.swift */,
				0ACF0A2D1ED312B700EF1609 /* UIViewAnimations.swift */,
				0ACF0A2E1ED312B700EF1609 /* UIViewControllerExtensions.swift */,
				0ACF0A2F1ED312B700EF1609 /* UIViewExtensions.swift */,
			);
			path = Extensions;
			sourceTree = "<group>";
		};
/* End PBXGroup section */

/* Begin PBXNativeTarget section */
		0ACF09F61ED3103D00EF1609 /* PS */ = {
			isa = PBXNativeTarget;
			buildConfigurationList = 0ACF0A091ED3103D00EF1609 /* Build configuration list for PBXNativeTarget "PS" */;
			buildPhases = (
				0ACF09F31ED3103D00EF1609 /* Sources */,
				0ACF09F41ED3103D00EF1609 /* Frameworks */,
				0ACF09F51ED3103D00EF1609 /* Resources */,
			);
			buildRules = (
			);
			dependencies = (
			);
			name = PS;
			productName = PS;
			productReference = 0ACF09F71ED3103D00EF1609 /* PS.app */;
			productType = "com.apple.product-type.application";
		};
/* End PBXNativeTarget section */

/* Begin PBXProject section */
		0ACF09EF1ED3103D00EF1609 /* Project object */ = {
			isa = PBXProject;
			attributes = {
				LastSwiftUpdateCheck = 0830;
				LastUpgradeCheck = 0830;
				ORGANIZATIONNAME = "It's Day Off";
				TargetAttributes = {
					0ACF09F61ED3103D00EF1609 = {
						CreatedOnToolsVersion = 8.3.2;
						DevelopmentTeam = S2DSCP4F3H;
						ProvisioningStyle = Automatic;
					};
				};
			};
			buildConfigurationList = 0ACF09F21ED3103D00EF1609 /* Build configuration list for PBXProject "PS" */;
			compatibilityVersion = "Xcode 3.2";
			developmentRegion = English;
			hasScannedForEncodings = 0;
			knownRegions = (
				en,
				Base,
			);
			mainGroup = 0ACF09EE1ED3103D00EF1609;
			productRefGroup = 0ACF09F81ED3103D00EF1609 /* Products */;
			projectDirPath = "";
			projectRoot = "";
			targets = (
				0ACF09F61ED3103D00EF1609 /* PS */,
			);
		};
/* End PBXProject section */

/* Begin PBXResourcesBuildPhase section */
		0ACF09F51ED3103D00EF1609 /* Resources */ = {
			isa = PBXResourcesBuildPhase;
			buildActionMask = 2147483647;
			files = (
				0ACF0A461ED3182B00EF1609 /* MessageView.xib in Resources */,
				0ACF0A191ED3108800EF1609 /* Main.storyboard in Resources */,
				0ACF0A171ED3108800EF1609 /* Assets.xcassets in Resources */,
				0ACF0A181ED3108800EF1609 /* LaunchScreen.storyboard in Resources */,
			);
			runOnlyForDeploymentPostprocessing = 0;
		};
/* End PBXResourcesBuildPhase section */

/* Begin PBXSourcesBuildPhase section */
		0ACF09F31ED3103D00EF1609 /* Sources */ = {
			isa = PBXSourcesBuildPhase;
			buildActionMask = 2147483647;
			files = (
				0ACF0A351ED312B700EF1609 /* DesignableNavigationBar.swift in Sources */,
				0ACF0A381ED312B700EF1609 /* DesignableTextView.swift in Sources */,
				0ACF0A401ED312B700EF1609 /* QuestContentTextView.swift in Sources */,
				0ACF0A3F1ED312B700EF1609 /* ParallaxHeaderView.swift in Sources */,
				0ACF09FB1ED3103D00EF1609 /* AppDelegate.swift in Sources */,
				0ACF0A3D1ED312B700EF1609 /* UIViewControllerExtensions.swift in Sources */,
				0ACF0A3A1ED312B700EF1609 /* NSNumberExtensions.swift in Sources */,
				0ACF0A331ED312B700EF1609 /* DesignableImageView.swift in Sources */,
				0ACF0A3C1ED312B700EF1609 /* UIViewAnimations.swift in Sources */,
				0ACF0A371ED312B700EF1609 /* DesignableTextField.swift in Sources */,
				0ACF0A441ED3170400EF1609 /* MessageView.swift in Sources */,
				0ACF0A3E1ED312B700EF1609 /* UIViewExtensions.swift in Sources */,
				0ACF0A361ED312B700EF1609 /* DesignableProgressView.swift in Sources */,
				0ACF0A341ED312B700EF1609 /* DesignableLabel.swift in Sources */,
				0ACF0A421ED314D100EF1609 /* MessageViewController.swift in Sources */,
				0ACF0A321ED312B700EF1609 /* DesignableButton.swift in Sources */,
				0ACF0A3B1ED312B700EF1609 /* UIBezierPath+Polygon.swift in Sources */,
				0ACF0A391ED312B700EF1609 /* DesignableView.swift in Sources */,
			);
			runOnlyForDeploymentPostprocessing = 0;
		};
/* End PBXSourcesBuildPhase section */

/* Begin PBXVariantGroup section */
		0ACF0A111ED3108800EF1609 /* LaunchScreen.storyboard */ = {
			isa = PBXVariantGroup;
			children = (
				0ACF0A121ED3108800EF1609 /* Base */,
			);
			name = LaunchScreen.storyboard;
			sourceTree = "<group>";
		};
		0ACF0A131ED3108800EF1609 /* Main.storyboard */ = {
			isa = PBXVariantGroup;
			children = (
				0ACF0A141ED3108800EF1609 /* Base */,
			);
			name = Main.storyboard;
			sourceTree = "<group>";
		};
/* End PBXVariantGroup section */

/* Begin XCBuildConfiguration section */
		0ACF0A071ED3103D00EF1609 /* Debug */ = {
			isa = XCBuildConfiguration;
			buildSettings = {
				ALWAYS_SEARCH_USER_PATHS = NO;
				CLANG_ANALYZER_NONNULL = YES;
				CLANG_ANALYZER_NUMBER_OBJECT_CONVERSION = YES_AGGRESSIVE;
				CLANG_CXX_LANGUAGE_STANDARD = "gnu++0x";
				CLANG_CXX_LIBRARY = "libc++";
				CLANG_ENABLE_MODULES = YES;
				CLANG_ENABLE_OBJC_ARC = YES;
				CLANG_WARN_BOOL_CONVERSION = YES;
				CLANG_WARN_CONSTANT_CONVERSION = YES;
				CLANG_WARN_DIRECT_OBJC_ISA_USAGE = YES_ERROR;
				CLANG_WARN_DOCUMENTATION_COMMENTS = YES;
				CLANG_WARN_EMPTY_BODY = YES;
				CLANG_WARN_ENUM_CONVERSION = YES;
				CLANG_WARN_INFINITE_RECURSION = YES;
				CLANG_WARN_INT_CONVERSION = YES;
				CLANG_WARN_OBJC_ROOT_CLASS = YES_ERROR;
				CLANG_WARN_SUSPICIOUS_MOVE = YES;
				CLANG_WARN_UNREACHABLE_CODE = YES;
				CLANG_WARN__DUPLICATE_METHOD_MATCH = YES;
				"CODE_SIGN_IDENTITY[sdk=iphoneos*]" = "iPhone Developer";
				COPY_PHASE_STRIP = NO;
				DEBUG_INFORMATION_FORMAT = dwarf;
				ENABLE_STRICT_OBJC_MSGSEND = YES;
				ENABLE_TESTABILITY = YES;
				GCC_C_LANGUAGE_STANDARD = gnu99;
				GCC_DYNAMIC_NO_PIC = NO;
				GCC_NO_COMMON_BLOCKS = YES;
				GCC_OPTIMIZATION_LEVEL = 0;
				GCC_PREPROCESSOR_DEFINITIONS = (
					"DEBUG=1",
					"$(inherited)",
				);
				GCC_WARN_64_TO_32_BIT_CONVERSION = YES;
				GCC_WARN_ABOUT_RETURN_TYPE = YES_ERROR;
				GCC_WARN_UNDECLARED_SELECTOR = YES;
				GCC_WARN_UNINITIALIZED_AUTOS = YES_AGGRESSIVE;
				GCC_WARN_UNUSED_FUNCTION = YES;
				GCC_WARN_UNUSED_VARIABLE = YES;
				IPHONEOS_DEPLOYMENT_TARGET = 10.3;
				MTL_ENABLE_DEBUG_INFO = YES;
				ONLY_ACTIVE_ARCH = YES;
				SDKROOT = iphoneos;
				SWIFT_ACTIVE_COMPILATION_CONDITIONS = DEBUG;
				SWIFT_OPTIMIZATION_LEVEL = "-Onone";
				TARGETED_DEVICE_FAMILY = "1,2";
			};
			name = Debug;
		};
		0ACF0A081ED3103D00EF1609 /* Release */ = {
			isa = XCBuildConfiguration;
			buildSettings = {
				ALWAYS_SEARCH_USER_PATHS = NO;
				CLANG_ANALYZER_NONNULL = YES;
				CLANG_ANALYZER_NUMBER_OBJECT_CONVERSION = YES_AGGRESSIVE;
				CLANG_CXX_LANGUAGE_STANDARD = "gnu++0x";
				CLANG_CXX_LIBRARY = "libc++";
				CLANG_ENABLE_MODULES = YES;
				CLANG_ENABLE_OBJC_ARC = YES;
				CLANG_WARN_BOOL_CONVERSION = YES;
				CLANG_WARN_CONSTANT_CONVERSION = YES;
				CLANG_WARN_DIRECT_OBJC_ISA_USAGE = YES_ERROR;
				CLANG_WARN_DOCUMENTATION_COMMENTS = YES;
				CLANG_WARN_EMPTY_BODY = YES;
				CLANG_WARN_ENUM_CONVERSION = YES;
				CLANG_WARN_INFINITE_RECURSION = YES;
				CLANG_WARN_INT_CONVERSION = YES;
				CLANG_WARN_OBJC_ROOT_CLASS = YES_ERROR;
				CLANG_WARN_SUSPICIOUS_MOVE = YES;
				CLANG_WARN_UNREACHABLE_CODE = YES;
				CLANG_WARN__DUPLICATE_METHOD_MATCH = YES;
				"CODE_SIGN_IDENTITY[sdk=iphoneos*]" = "iPhone Developer";
				COPY_PHASE_STRIP = NO;
				DEBUG_INFORMATION_FORMAT = "dwarf-with-dsym";
				ENABLE_NS_ASSERTIONS = NO;
				ENABLE_STRICT_OBJC_MSGSEND = YES;
				GCC_C_LANGUAGE_STANDARD = gnu99;
				GCC_NO_COMMON_BLOCKS = YES;
				GCC_WARN_64_TO_32_BIT_CONVERSION = YES;
				GCC_WARN_ABOUT_RETURN_TYPE = YES_ERROR;
				GCC_WARN_UNDECLARED_SELECTOR = YES;
				GCC_WARN_UNINITIALIZED_AUTOS = YES_AGGRESSIVE;
				GCC_WARN_UNUSED_FUNCTION = YES;
				GCC_WARN_UNUSED_VARIABLE = YES;
				IPHONEOS_DEPLOYMENT_TARGET = 10.3;
				MTL_ENABLE_DEBUG_INFO = NO;
				SDKROOT = iphoneos;
				SWIFT_OPTIMIZATION_LEVEL = "-Owholemodule";
				TARGETED_DEVICE_FAMILY = "1,2";
				VALIDATE_PRODUCT = YES;
			};
			name = Release;
		};
		0ACF0A0A1ED3103D00EF1609 /* Debug */ = {
			isa = XCBuildConfiguration;
			buildSettings = {
				ASSETCATALOG_COMPILER_APPICON_NAME = AppIcon;
				DEVELOPMENT_TEAM = S2DSCP4F3H;
				INFOPLIST_FILE = PS/Info.plist;
				IPHONEOS_DEPLOYMENT_TARGET = 10.0;
				LD_RUNPATH_SEARCH_PATHS = "$(inherited) @executable_path/Frameworks";
				PRODUCT_BUNDLE_IDENTIFIER = com.itsdayoff.PS;
				PRODUCT_NAME = "$(TARGET_NAME)";
				SWIFT_VERSION = 3.0;
			};
			name = Debug;
		};
		0ACF0A0B1ED3103D00EF1609 /* Release */ = {
			isa = XCBuildConfiguration;
			buildSettings = {
				ASSETCATALOG_COMPILER_APPICON_NAME = AppIcon;
				DEVELOPMENT_TEAM = S2DSCP4F3H;
				INFOPLIST_FILE = PS/Info.plist;
				IPHONEOS_DEPLOYMENT_TARGET = 10.0;
				LD_RUNPATH_SEARCH_PATHS = "$(inherited) @executable_path/Frameworks";
				PRODUCT_BUNDLE_IDENTIFIER = com.itsdayoff.PS;
				PRODUCT_NAME = "$(TARGET_NAME)";
				SWIFT_VERSION = 3.0;
			};
			name = Release;
		};
/* End XCBuildConfiguration section */

/* Begin XCConfigurationList section */
		0ACF09F21ED3103D00EF1609 /* Build configuration list for PBXProject "PS" */ = {
			isa = XCConfigurationList;
			buildConfigurations = (
				0ACF0A071ED3103D00EF1609 /* Debug */,
				0ACF0A081ED3103D00EF1609 /* Release */,
			);
			defaultConfigurationIsVisible = 0;
			defaultConfigurationName = Release;
		};
		0ACF0A091ED3103D00EF1609 /* Build configuration list for PBXNativeTarget "PS" */ = {
			isa = XCConfigurationList;
			buildConfigurations = (
				0ACF0A0A1ED3103D00EF1609 /* Debug */,
				0ACF0A0B1ED3103D00EF1609 /* Release */,
			);
			defaultConfigurationIsVisible = 0;
		};
/* End XCConfigurationList section */
	};
	rootObject = 0ACF09EF1ED3103D00EF1609 /* Project object */;
}
